// !$*UTF8*$!
{
	archiveVersion = 1;
	classes = {
	};
	objectVersion = 54;
	objects = {

/* Begin PBXAggregateTarget section */
		E9E72ADACBC2DE5E9A7F4DC5A84D4306 /* ZFUIWebKit_aggregate */ = {
			isa = PBXAggregateTarget;
			buildConfigurationList = B8379DD6E5C7F4CD7273E89E46991DF1 /* Build configuration list for PBXAggregateTarget "ZFUIWebKit_aggregate" */;
			buildPhases = (
				5796E595A816742FB0946276C53DDDD7 /* ShellScript */,
			);
			dependencies = (
			);
			name = ZFUIWebKit_aggregate;
			productName = ZFUIWebKit_aggregate;
		};
/* End PBXAggregateTarget section */

/* Begin PBXBuildFile section */
		8C6C2209DC0DBA4A41E67F2F2CFC1070 /* zfgensrc_ZFUIWebKit.mm in Sources */ = {isa = PBXBuildFile; fileRef = FFE5CB66CD00C754C11C080FE2B8BC28 /* zfgensrc_ZFUIWebKit.mm */; };
		B4368D1C6621A92A5B0409D93D11B228 /* Foundation.framework in Frameworks */ = {isa = PBXBuildFile; fileRef = 26C3E31A989A37CC69B366AD14E307BB /* Foundation.framework */; };
/* End PBXBuildFile section */

/* Begin PBXCopyFilesBuildPhase section */
		2022E7E3DB16427D731CAE257D8372D2 /* CopyFiles */ = {
			isa = PBXCopyFilesBuildPhase;
			buildActionMask = 2147483647;
			dstPath = "include/$(PRODUCT_NAME)";
			dstSubfolderSpec = 16;
			files = (
			);
			runOnlyForDeploymentPostprocessing = 0;
		};
/* End PBXCopyFilesBuildPhase section */

/* Begin PBXFileReference section */
		26C3E31A989A37CC69B366AD14E307BB /* Foundation.framework */ = {isa = PBXFileReference; lastKnownFileType = wrapper.framework; name = Foundation.framework; path = System/Library/Frameworks/Foundation.framework; sourceTree = SDKROOT; };
		6A85051323B79899F28DB80663BFD721 /* zfsrc */ = {isa = PBXFileReference; lastKnownFileType = folder; name = zfsrc; path = ../../../zfsrc; sourceTree = "<group>"; };
		A043CEC54B0F1369B0EFF7588BEF5588 /* libZFUIWebKit.a */ = {isa = PBXFileReference; explicitFileType = archive.ar; includeInIndex = 0; path = libZFUIWebKit.a; sourceTree = BUILT_PRODUCTS_DIR; };
		FFE5CB66CD00C754C11C080FE2B8BC28 /* zfgensrc_ZFUIWebKit.mm */ = {isa = PBXFileReference; fileEncoding = 4; lastKnownFileType = sourcecode.cpp.objcpp; path = zfgensrc_ZFUIWebKit.mm; sourceTree = "<group>"; };
/* End PBXFileReference section */

/* Begin PBXFrameworksBuildPhase section */
		28C144B14BFAB75BA04773FB8B261256 /* Frameworks */ = {
			isa = PBXFrameworksBuildPhase;
			buildActionMask = 2147483647;
			files = (
				B4368D1C6621A92A5B0409D93D11B228 /* Foundation.framework in Frameworks */,
			);
			runOnlyForDeploymentPostprocessing = 0;
		};
/* End PBXFrameworksBuildPhase section */

/* Begin PBXGroup section */
		473C272A6CB4D7CEC10DF56C047BE090 /* ProjectFiles */ = {
			isa = PBXGroup;
			children = (
				FFE5CB66CD00C754C11C080FE2B8BC28 /* zfgensrc_ZFUIWebKit.mm */,
			);
			path = ProjectFiles;
			sourceTree = "<group>";
		};
		B89D8E19E59D28D950B4E95E991D7B16 = {
			isa = PBXGroup;
			children = (
				C3544AAC17DB4394A0AF32BA75B18D25 /* Frameworks */,
				FC6431A82F75FB1127A06D8166BDF01A /* Products */,
				473C272A6CB4D7CEC10DF56C047BE090 /* ProjectFiles */,
				C7DBDD5E8EA5314BC526DB744365D73B /* ZFUIWebKit */,
			);
			sourceTree = "<group>";
		};
		C3544AAC17DB4394A0AF32BA75B18D25 /* Frameworks */ = {
			isa = PBXGroup;
			children = (
				26C3E31A989A37CC69B366AD14E307BB /* Foundation.framework */,
			);
			name = Frameworks;
			sourceTree = "<group>";
		};
		C7DBDD5E8EA5314BC526DB744365D73B /* ZFUIWebKit */ = {
			isa = PBXGroup;
			children = (
				6A85051323B79899F28DB80663BFD721 /* zfsrc */,
			);
			name = ZFUIWebKit;
			sourceTree = "<group>";
		};
		FC6431A82F75FB1127A06D8166BDF01A /* Products */ = {
			isa = PBXGroup;
			children = (
				A043CEC54B0F1369B0EFF7588BEF5588 /* libZFUIWebKit.a */,
			);
			name = Products;
			sourceTree = "<group>";
		};
/* End PBXGroup section */

/* Begin PBXNativeTarget section */
		EBE4D06A940DC52BB622060E3ED1FC90 /* ZFUIWebKit */ = {
			isa = PBXNativeTarget;
			buildConfigurationList = 0D1C1AC433DC6F2C1398EA460FA68D76 /* Build configuration list for PBXNativeTarget "ZFUIWebKit" */;
			buildPhases = (
				BCDA4253259A57C3DE47837E8D57F256 /* ZFCompileSource */,
				1AA779D687E7063BCB8E21E29D89FC7E /* Sources */,
				28C144B14BFAB75BA04773FB8B261256 /* Frameworks */,
				2022E7E3DB16427D731CAE257D8372D2 /* CopyFiles */,
				847E5EAA854B94B5707FA5BA93BF903C /* ZFUniqueProj */,
			);
			buildRules = (
			);
			dependencies = (
			);
			name = ZFUIWebKit;
			productName = ZFUIWebKit;
			productReference = A043CEC54B0F1369B0EFF7588BEF5588 /* libZFUIWebKit.a */;
			productType = "com.apple.product-type.library.static";
		};
/* End PBXNativeTarget section */

/* Begin PBXProject section */
		320B800BDB887C08911625BAF51DDF4B /* Project object */ = {
			isa = PBXProject;
			attributes = {
				LastUpgradeCheck = 1240;
				ORGANIZATIONNAME = ZFFramework;
				TargetAttributes = {
					EBE4D06A940DC52BB622060E3ED1FC90 = {
						CreatedOnToolsVersion = 9.2;
						ProvisioningStyle = Automatic;
					};
					E9E72ADACBC2DE5E9A7F4DC5A84D4306 = {
						CreatedOnToolsVersion = 9.2;
						ProvisioningStyle = Automatic;
					};
				};
			};
			buildConfigurationList = 4E52C2CA67564817E43F3C41CCFDB3DA /* Build configuration list for PBXProject "ZFUIWebKit" */;
			compatibilityVersion = "Xcode 8.0";
			developmentRegion = en;
			hasScannedForEncodings = 0;
			knownRegions = (
				en,
				Base,
			);
			mainGroup = B89D8E19E59D28D950B4E95E991D7B16;
			productRefGroup = FC6431A82F75FB1127A06D8166BDF01A /* Products */;
			projectDirPath = "";
			projectRoot = "";
			targets = (
				EBE4D06A940DC52BB622060E3ED1FC90 /* ZFUIWebKit */,
				E9E72ADACBC2DE5E9A7F4DC5A84D4306 /* ZFUIWebKit_aggregate */,
			);
		};
/* End PBXProject section */

/* Begin PBXShellScriptBuildPhase section */
		5796E595A816742FB0946276C53DDDD7 /* ShellScript */ = {
			isa = PBXShellScriptBuildPhase;
			buildActionMask = 2147483647;
			files = (
			);
			inputPaths = (
			);
			outputPaths = (
			);
			runOnlyForDeploymentPostprocessing = 0;
			shellPath = /bin/sh;
			shellScript = "ZF_ROOT_PATH=${SRCROOT}/../../../../../../ZFFramework\nZF_TOOLS_PATH=$ZF_ROOT_PATH/tools\n\nsh $ZF_TOOLS_PATH/spec/iOS/aggregate.sh ${PROJECT_NAME} ${SRCROOT}/../../..\n";
		};
		847E5EAA854B94B5707FA5BA93BF903C /* ZFUniqueProj */ = {
			isa = PBXShellScriptBuildPhase;
			buildActionMask = 2147483647;
			files = (
			);
			inputPaths = (
			);
			name = ZFUniqueProj;
			outputPaths = (
			);
			runOnlyForDeploymentPostprocessing = 0;
			shellPath = /bin/sh;
			shellScript = "sh ${SRCROOT}/../../../../../../ZFFramework/tools/spec/iOS/unique_proj.sh \"${SRCROOT}/${PROJECT_NAME}.xcodeproj\"";
		};
		BCDA4253259A57C3DE47837E8D57F256 /* ZFCompileSource */ = {
			isa = PBXShellScriptBuildPhase;
			alwaysOutOfDate = 1;
			buildActionMask = 2147483647;
			files = (
			);
			inputPaths = (
			);
			name = ZFCompileSource;
			outputPaths = (
				"$(SRCROOT)/ProjectFiles/zfgensrc_ZFUIWebKit.mm",
			);
			runOnlyForDeploymentPostprocessing = 0;
			shellPath = /bin/sh;
			shellScript = "sh ${SRCROOT}/../../../../../../ZFFramework/tools/common/unity_build.sh \"${SRCROOT}/ProjectFiles/zfgensrc_ZFUIWebKit.mm\" \"${SRCROOT}/../../../zfsrc\"";
		};
/* End PBXShellScriptBuildPhase section */

/* Begin PBXSourcesBuildPhase section */
		1AA779D687E7063BCB8E21E29D89FC7E /* Sources */ = {
			isa = PBXSourcesBuildPhase;
			buildActionMask = 2147483647;
			files = (
				8C6C2209DC0DBA4A41E67F2F2CFC1070 /* zfgensrc_ZFUIWebKit.mm in Sources */,
			);
			runOnlyForDeploymentPostprocessing = 0;
		};
/* End PBXSourcesBuildPhase section */

/* Begin XCBuildConfiguration section */
		1CA5D0A61B05D0C244A0D9BFB75D5153 /* Release */ = {
			isa = XCBuildConfiguration;
			buildSettings = {
				CLANG_ENABLE_OBJC_ARC = YES;
				CODE_SIGN_STYLE = Automatic;
				DEBUG_INFORMATION_FORMAT = "dwarf-with-dsym";
				ENABLE_BITCODE = NO;
				GCC_INLINES_ARE_PRIVATE_EXTERN = YES;
				GCC_SYMBOLS_PRIVATE_EXTERN = YES;
				MACH_O_TYPE = staticlib;
				OTHER_LDFLAGS = (
					"$(inherited)",
					"-Objc",
					"-all_load",
				);
				PRODUCT_NAME = "$(TARGET_NAME)";
				SKIP_INSTALL = YES;
				USER_HEADER_SEARCH_PATHS = "$(inherited) ${SRCROOT}/../../../zfsrc ${SRCROOT}/../../../../../../ZFFramework/_release/iOS/all/include";
				WARNING_CFLAGS = "-Wpartial-availability";
			};
			name = Release;
		};
		83057DE8F1AFD1E135934D45A0EEADEB /* Release */ = {
			isa = XCBuildConfiguration;
			buildSettings = {
				ALWAYS_SEARCH_USER_PATHS = NO;
				CLANG_CXX_LANGUAGE_STANDARD = "gnu++0x";
				CLANG_CXX_LIBRARY = "libc++";
				CLANG_ENABLE_MODULES = YES;
				CLANG_ENABLE_OBJC_ARC = YES;
				CLANG_WARN_BLOCK_CAPTURE_AUTORELEASING = YES;
				CLANG_WARN_BOOL_CONVERSION = YES;
				CLANG_WARN_COMMA = YES;
				CLANG_WARN_CONSTANT_CONVERSION = YES;
				CLANG_WARN_DEPRECATED_OBJC_IMPLEMENTATIONS = YES;
				CLANG_WARN_DIRECT_OBJC_ISA_USAGE = YES_ERROR;
				CLANG_WARN_EMPTY_BODY = YES;
				CLANG_WARN_ENUM_CONVERSION = YES;
				CLANG_WARN_INFINITE_RECURSION = YES;
				CLANG_WARN_INT_CONVERSION = YES;
				CLANG_WARN_NON_LITERAL_NULL_CONVERSION = YES;
				CLANG_WARN_OBJC_IMPLICIT_RETAIN_SELF = YES;
				CLANG_WARN_OBJC_LITERAL_CONVERSION = YES;
				CLANG_WARN_OBJC_ROOT_CLASS = YES_ERROR;
				CLANG_WARN_QUOTED_INCLUDE_IN_FRAMEWORK_HEADER = YES;
				CLANG_WARN_RANGE_LOOP_ANALYSIS = YES;
				CLANG_WARN_STRICT_PROTOTYPES = YES;
				CLANG_WARN_SUSPICIOUS_MOVE = YES;
				CLANG_WARN_UNREACHABLE_CODE = YES;
				CLANG_WARN__DUPLICATE_METHOD_MATCH = YES;
				"CODE_SIGN_IDENTITY[sdk=iphoneos*]" = "iPhone Developer";
				COPY_PHASE_STRIP = NO;
				DEBUG_INFORMATION_FORMAT = "dwarf-with-dsym";
				ENABLE_NS_ASSERTIONS = NO;
				ENABLE_STRICT_OBJC_MSGSEND = YES;
				GCC_C_LANGUAGE_STANDARD = gnu99;
				GCC_NO_COMMON_BLOCKS = YES;
				GCC_WARN_64_TO_32_BIT_CONVERSION = YES;
				GCC_WARN_ABOUT_RETURN_TYPE = YES_ERROR;
				GCC_WARN_UNDECLARED_SELECTOR = YES;
				GCC_WARN_UNINITIALIZED_AUTOS = YES_AGGRESSIVE;
				GCC_WARN_UNUSED_FUNCTION = YES;
				GCC_WARN_UNUSED_VARIABLE = YES;
				IPHONEOS_DEPLOYMENT_TARGET = 9.0;
				MTL_ENABLE_DEBUG_INFO = NO;
				SDKROOT = iphoneos;
				VALIDATE_PRODUCT = YES;
			};
			name = Release;
		};
		87FE5FB9F29E638DCF7BE0EC33238953 /* Debug */ = {
			isa = XCBuildConfiguration;
			buildSettings = {
				CLANG_ENABLE_OBJC_ARC = YES;
				CODE_SIGN_STYLE = Automatic;
				DEBUG_INFORMATION_FORMAT = "dwarf-with-dsym";
				ENABLE_BITCODE = NO;
				GCC_INLINES_ARE_PRIVATE_EXTERN = YES;
				GCC_SYMBOLS_PRIVATE_EXTERN = YES;
				MACH_O_TYPE = staticlib;
				OTHER_LDFLAGS = (
					"$(inherited)",
					"-Objc",
					"-all_load",
				);
				PRODUCT_NAME = "$(TARGET_NAME)";
				SKIP_INSTALL = YES;
				USER_HEADER_SEARCH_PATHS = "$(inherited) ${SRCROOT}/../../../zfsrc ${SRCROOT}/../../../../../../ZFFramework/_release/iOS/all/include";
				WARNING_CFLAGS = "-Wpartial-availability";
			};
			name = Debug;
		};
		8B98F802C654A560752576CA93C5B46F /* Debug */ = {
			isa = XCBuildConfiguration;
			buildSettings = {
				ALWAYS_SEARCH_USER_PATHS = NO;
				CLANG_CXX_LANGUAGE_STANDARD = "gnu++0x";
				CLANG_CXX_LIBRARY = "libc++";
				CLANG_ENABLE_MODULES = YES;
				CLANG_ENABLE_OBJC_ARC = YES;
				CLANG_WARN_BLOCK_CAPTURE_AUTORELEASING = YES;
				CLANG_WARN_BOOL_CONVERSION = YES;
				CLANG_WARN_COMMA = YES;
				CLANG_WARN_CONSTANT_CONVERSION = YES;
				CLANG_WARN_DEPRECATED_OBJC_IMPLEMENTATIONS = YES;
				CLANG_WARN_DIRECT_OBJC_ISA_USAGE = YES_ERROR;
				CLANG_WARN_EMPTY_BODY = YES;
				CLANG_WARN_ENUM_CONVERSION = YES;
				CLANG_WARN_INFINITE_RECURSION = YES;
				CLANG_WARN_INT_CONVERSION = YES;
				CLANG_WARN_NON_LITERAL_NULL_CONVERSION = YES;
				CLANG_WARN_OBJC_IMPLICIT_RETAIN_SELF = YES;
				CLANG_WARN_OBJC_LITERAL_CONVERSION = YES;
				CLANG_WARN_OBJC_ROOT_CLASS = YES_ERROR;
				CLANG_WARN_QUOTED_INCLUDE_IN_FRAMEWORK_HEADER = YES;
				CLANG_WARN_RANGE_LOOP_ANALYSIS = YES;
				CLANG_WARN_STRICT_PROTOTYPES = YES;
				CLANG_WARN_SUSPICIOUS_MOVE = YES;
				CLANG_WARN_UNREACHABLE_CODE = YES;
				CLANG_WARN__DUPLICATE_METHOD_MATCH = YES;
				"CODE_SIGN_IDENTITY[sdk=iphoneos*]" = "iPhone Developer";
				COPY_PHASE_STRIP = NO;
				DEBUG_INFORMATION_FORMAT = "dwarf-with-dsym";
				ENABLE_STRICT_OBJC_MSGSEND = YES;
				ENABLE_TESTABILITY = YES;
				GCC_C_LANGUAGE_STANDARD = gnu99;
				GCC_DYNAMIC_NO_PIC = NO;
				GCC_NO_COMMON_BLOCKS = YES;
				GCC_OPTIMIZATION_LEVEL = 0;
				GCC_PREPROCESSOR_DEFINITIONS = (
					"DEBUG=1",
					"$(inherited)",
				);
				GCC_WARN_64_TO_32_BIT_CONVERSION = YES;
				GCC_WARN_ABOUT_RETURN_TYPE = YES_ERROR;
				GCC_WARN_UNDECLARED_SELECTOR = YES;
				GCC_WARN_UNINITIALIZED_AUTOS = YES_AGGRESSIVE;
				GCC_WARN_UNUSED_FUNCTION = YES;
				GCC_WARN_UNUSED_VARIABLE = YES;
				IPHONEOS_DEPLOYMENT_TARGET = 9.0;
				MTL_ENABLE_DEBUG_INFO = YES;
				ONLY_ACTIVE_ARCH = YES;
				SDKROOT = iphoneos;
			};
			name = Debug;
		};
		C7E6AFCD1CD2E585410B20ACF45D58C7 /* Release */ = {
			isa = XCBuildConfiguration;
			buildSettings = {
				PRODUCT_NAME = "$(TARGET_NAME)";
			};
			name = Release;
		};
		DB7BE0EB4461881ADBC6485938FDBC07 /* Debug */ = {
			isa = XCBuildConfiguration;
			buildSettings = {
				PRODUCT_NAME = "$(TARGET_NAME)";
			};
			name = Debug;
		};
/* End XCBuildConfiguration section */

/* Begin XCConfigurationList section */
		0D1C1AC433DC6F2C1398EA460FA68D76 /* Build configuration list for PBXNativeTarget "ZFUIWebKit" */ = {
			isa = XCConfigurationList;
			buildConfigurations = (
				87FE5FB9F29E638DCF7BE0EC33238953 /* Debug */,
				1CA5D0A61B05D0C244A0D9BFB75D5153 /* Release */,
			);
			defaultConfigurationIsVisible = 0;
			defaultConfigurationName = Release;
		};
		4E52C2CA67564817E43F3C41CCFDB3DA /* Build configuration list for PBXProject "ZFUIWebKit" */ = {
			isa = XCConfigurationList;
			buildConfigurations = (
				8B98F802C654A560752576CA93C5B46F /* Debug */,
				83057DE8F1AFD1E135934D45A0EEADEB /* Release */,
			);
			defaultConfigurationIsVisible = 0;
			defaultConfigurationName = Release;
		};
		B8379DD6E5C7F4CD7273E89E46991DF1 /* Build configuration list for PBXAggregateTarget "ZFUIWebKit_aggregate" */ = {
			isa = XCConfigurationList;
			buildConfigurations = (
				DB7BE0EB4461881ADBC6485938FDBC07 /* Debug */,
				C7E6AFCD1CD2E585410B20ACF45D58C7 /* Release */,
			);
			defaultConfigurationIsVisible = 0;
			defaultConfigurationName = Release;
		};
/* End XCConfigurationList section */
	};
	rootObject = 320B800BDB887C08911625BAF51DDF4B /* Project object */;
}
