// !$*UTF8*$!
{
	archiveVersion = 1;
	classes = {
	};
	objectVersion = 54;
	objects = {

/* Begin PBXAggregateTarget section */
		47092D2AC2359CB74AB35338ACBFE98C /* ZFLua_aggregate */ = {
			isa = PBXAggregateTarget;
			buildConfigurationList = 371C902984BBE3E27F7A3B1A3D6950F0 /* Build configuration list for PBXAggregateTarget "ZFLua_aggregate" */;
			buildPhases = (
				F5A0338CA4BBE606ADAA9477BC9EF594 /* ShellScript */,
			);
			dependencies = (
			);
			name = ZFLua_aggregate;
			productName = ZFLua_aggregate;
		};
/* End PBXAggregateTarget section */

/* Begin PBXBuildFile section */
		C8FBC6AB8DCA78BF0675E7019972D8F2 /* Foundation.framework in Frameworks */ = {isa = PBXBuildFile; fileRef = 105200DFD55008C00F8FC6F1455F2617 /* Foundation.framework */; };
		DE87D41AD9BECFF53C324B6C5C8D0553 /* zfgensrc_ZFLua.mm in Sources */ = {isa = PBXBuildFile; fileRef = FE7DE98E1375580A898741B906093A0E /* zfgensrc_ZFLua.mm */; };
/* End PBXBuildFile section */

/* Begin PBXCopyFilesBuildPhase section */
		1CA2DDFF8EC9BF1BE9D6B93718E86C53 /* CopyFiles */ = {
			isa = PBXCopyFilesBuildPhase;
			buildActionMask = 2147483647;
			dstPath = "include/$(PRODUCT_NAME)";
			dstSubfolderSpec = 16;
			files = (
			);
			runOnlyForDeploymentPostprocessing = 0;
		};
/* End PBXCopyFilesBuildPhase section */

/* Begin PBXFileReference section */
		105200DFD55008C00F8FC6F1455F2617 /* Foundation.framework */ = {isa = PBXFileReference; lastKnownFileType = wrapper.framework; name = Foundation.framework; path = System/Library/Frameworks/Foundation.framework; sourceTree = SDKROOT; };
		314D3BFB8782A36A419B9E79ED3FE185 /* zfsrc */ = {isa = PBXFileReference; lastKnownFileType = folder; name = zfsrc; path = ../../../zfsrc; sourceTree = "<group>"; };
		4870E59529676AF05EC1B5C65C8E3EAC /* libZFLua.a */ = {isa = PBXFileReference; explicitFileType = archive.ar; includeInIndex = 0; path = libZFLua.a; sourceTree = BUILT_PRODUCTS_DIR; };
		FE7DE98E1375580A898741B906093A0E /* zfgensrc_ZFLua.mm */ = {isa = PBXFileReference; fileEncoding = 4; lastKnownFileType = sourcecode.cpp.objcpp; path = zfgensrc_ZFLua.mm; sourceTree = "<group>"; };
/* End PBXFileReference section */

/* Begin PBXFrameworksBuildPhase section */
		D86C4ED9DC40E62B3E5E1AB962ABDD21 /* Frameworks */ = {
			isa = PBXFrameworksBuildPhase;
			buildActionMask = 2147483647;
			files = (
				C8FBC6AB8DCA78BF0675E7019972D8F2 /* Foundation.framework in Frameworks */,
			);
			runOnlyForDeploymentPostprocessing = 0;
		};
/* End PBXFrameworksBuildPhase section */

/* Begin PBXGroup section */
		290BF1972315DB6420F64B6A0C195471 /* Products */ = {
			isa = PBXGroup;
			children = (
				4870E59529676AF05EC1B5C65C8E3EAC /* libZFLua.a */,
			);
			name = Products;
			sourceTree = "<group>";
		};
		50B6A6CB4A1FCA7BC41E032BB4817CAA /* Frameworks */ = {
			isa = PBXGroup;
			children = (
				105200DFD55008C00F8FC6F1455F2617 /* Foundation.framework */,
			);
			name = Frameworks;
			sourceTree = "<group>";
		};
		D1CEB4D161C7089BED0D6C0D580849ED = {
			isa = PBXGroup;
			children = (
				50B6A6CB4A1FCA7BC41E032BB4817CAA /* Frameworks */,
				290BF1972315DB6420F64B6A0C195471 /* Products */,
				DDE5465E35102DB1E3C162A4EB01A61B /* ProjectFiles */,
				FD4D412E52ACA2CAB946D48D7B0BAF9F /* ZFLua */,
			);
			sourceTree = "<group>";
		};
		DDE5465E35102DB1E3C162A4EB01A61B /* ProjectFiles */ = {
			isa = PBXGroup;
			children = (
				FE7DE98E1375580A898741B906093A0E /* zfgensrc_ZFLua.mm */,
			);
			path = ProjectFiles;
			sourceTree = "<group>";
		};
		FD4D412E52ACA2CAB946D48D7B0BAF9F /* ZFLua */ = {
			isa = PBXGroup;
			children = (
				314D3BFB8782A36A419B9E79ED3FE185 /* zfsrc */,
			);
			name = ZFLua;
			sourceTree = "<group>";
		};
/* End PBXGroup section */

/* Begin PBXNativeTarget section */
		100DE235020CDB850389651CB8D9DE3B /* ZFLua */ = {
			isa = PBXNativeTarget;
			buildConfigurationList = 6E2DD4FE05681796443DA34CDAF6D8CC /* Build configuration list for PBXNativeTarget "ZFLua" */;
			buildPhases = (
				656DDFDE8C4317818784270564867FD6 /* ZFCompileSource */,
				35E82739B019DA5374A231875CF830FA /* Sources */,
				D86C4ED9DC40E62B3E5E1AB962ABDD21 /* Frameworks */,
				1CA2DDFF8EC9BF1BE9D6B93718E86C53 /* CopyFiles */,
				BD441F511A81739C972B0EC797EEE75E /* ZFUniqueProj */,
			);
			buildRules = (
			);
			dependencies = (
			);
			name = ZFLua;
			productName = ZFLua;
			productReference = 4870E59529676AF05EC1B5C65C8E3EAC /* libZFLua.a */;
			productType = "com.apple.product-type.library.static";
		};
/* End PBXNativeTarget section */

/* Begin PBXProject section */
		6626C6DA24371C22F276484BA37BCEE4 /* Project object */ = {
			isa = PBXProject;
			attributes = {
				LastUpgradeCheck = 1240;
				ORGANIZATIONNAME = ZFFramework;
				TargetAttributes = {
					100DE235020CDB850389651CB8D9DE3B = {
						CreatedOnToolsVersion = 9.2;
						ProvisioningStyle = Automatic;
					};
					47092D2AC2359CB74AB35338ACBFE98C = {
						CreatedOnToolsVersion = 9.2;
						ProvisioningStyle = Automatic;
					};
				};
			};
			buildConfigurationList = D5B4B6193284E5E948C683D5428AC597 /* Build configuration list for PBXProject "ZFLua" */;
			compatibilityVersion = "Xcode 8.0";
			developmentRegion = en;
			hasScannedForEncodings = 0;
			knownRegions = (
				en,
				Base,
			);
			mainGroup = D1CEB4D161C7089BED0D6C0D580849ED;
			productRefGroup = 290BF1972315DB6420F64B6A0C195471 /* Products */;
			projectDirPath = "";
			projectRoot = "";
			targets = (
				100DE235020CDB850389651CB8D9DE3B /* ZFLua */,
				47092D2AC2359CB74AB35338ACBFE98C /* ZFLua_aggregate */,
			);
		};
/* End PBXProject section */

/* Begin PBXShellScriptBuildPhase section */
		656DDFDE8C4317818784270564867FD6 /* ZFCompileSource */ = {
			isa = PBXShellScriptBuildPhase;
			alwaysOutOfDate = 1;
			buildActionMask = 2147483647;
			files = (
			);
			inputPaths = (
			);
			name = ZFCompileSource;
			outputPaths = (
				"$(SRCROOT)/ProjectFiles/zfgensrc_ZFLua.mm",
			);
			runOnlyForDeploymentPostprocessing = 0;
			shellPath = /bin/sh;
			shellScript = "sh ${SRCROOT}/../../../../../../ZFFramework/tools/common/unity_build.sh \"${SRCROOT}/ProjectFiles/zfgensrc_ZFLua.mm\" \"${SRCROOT}/../../../zfsrc\"";
		};
		BD441F511A81739C972B0EC797EEE75E /* ZFUniqueProj */ = {
			isa = PBXShellScriptBuildPhase;
			buildActionMask = 2147483647;
			files = (
			);
			inputPaths = (
			);
			name = ZFUniqueProj;
			outputPaths = (
			);
			runOnlyForDeploymentPostprocessing = 0;
			shellPath = /bin/sh;
			shellScript = "sh ${SRCROOT}/../../../../../../ZFFramework/tools/spec/iOS/unique_proj.sh \"${SRCROOT}/${PROJECT_NAME}.xcodeproj\"";
		};
		F5A0338CA4BBE606ADAA9477BC9EF594 /* ShellScript */ = {
			isa = PBXShellScriptBuildPhase;
			buildActionMask = 2147483647;
			files = (
			);
			inputPaths = (
			);
			outputPaths = (
			);
			runOnlyForDeploymentPostprocessing = 0;
			shellPath = /bin/sh;
			shellScript = "ZF_ROOT_PATH=${SRCROOT}/../../../../../../ZFFramework\nZF_TOOLS_PATH=$ZF_ROOT_PATH/tools\n\nsh $ZF_TOOLS_PATH/spec/iOS/aggregate.sh ${PROJECT_NAME} ${SRCROOT}/../../..\n";
		};
/* End PBXShellScriptBuildPhase section */

/* Begin PBXSourcesBuildPhase section */
		35E82739B019DA5374A231875CF830FA /* Sources */ = {
			isa = PBXSourcesBuildPhase;
			buildActionMask = 2147483647;
			files = (
				DE87D41AD9BECFF53C324B6C5C8D0553 /* zfgensrc_ZFLua.mm in Sources */,
			);
			runOnlyForDeploymentPostprocessing = 0;
		};
/* End PBXSourcesBuildPhase section */

/* Begin XCBuildConfiguration section */
		1CC0FC4084139601245755CDFC984676 /* Release */ = {
			isa = XCBuildConfiguration;
			buildSettings = {
				CLANG_ENABLE_OBJC_ARC = YES;
				CODE_SIGN_STYLE = Automatic;
				DEBUG_INFORMATION_FORMAT = "dwarf-with-dsym";
				ENABLE_BITCODE = NO;
				GCC_INLINES_ARE_PRIVATE_EXTERN = YES;
				GCC_SYMBOLS_PRIVATE_EXTERN = YES;
				MACH_O_TYPE = staticlib;
				OTHER_LDFLAGS = (
					"$(inherited)",
					"-Objc",
					"-all_load",
				);
				PRODUCT_NAME = "$(TARGET_NAME)";
				SKIP_INSTALL = YES;
				USER_HEADER_SEARCH_PATHS = "$(inherited) ${SRCROOT}/../../../zfsrc ${SRCROOT}/../../../../../../ZFFramework/_release/iOS/all/include";
				WARNING_CFLAGS = "-Wpartial-availability";
			};
			name = Release;
		};
		21A38F3690310D6A2B31276A3886EAF0 /* Debug */ = {
			isa = XCBuildConfiguration;
			buildSettings = {
				PRODUCT_NAME = "$(TARGET_NAME)";
			};
			name = Debug;
		};
		709DFA90854A56FB2129C65D28355335 /* Debug */ = {
			isa = XCBuildConfiguration;
			buildSettings = {
				ALWAYS_SEARCH_USER_PATHS = NO;
				CLANG_CXX_LANGUAGE_STANDARD = "gnu++0x";
				CLANG_CXX_LIBRARY = "libc++";
				CLANG_ENABLE_MODULES = YES;
				CLANG_ENABLE_OBJC_ARC = YES;
				CLANG_WARN_BLOCK_CAPTURE_AUTORELEASING = YES;
				CLANG_WARN_BOOL_CONVERSION = YES;
				CLANG_WARN_COMMA = YES;
				CLANG_WARN_CONSTANT_CONVERSION = YES;
				CLANG_WARN_DEPRECATED_OBJC_IMPLEMENTATIONS = YES;
				CLANG_WARN_DIRECT_OBJC_ISA_USAGE = YES_ERROR;
				CLANG_WARN_EMPTY_BODY = YES;
				CLANG_WARN_ENUM_CONVERSION = YES;
				CLANG_WARN_INFINITE_RECURSION = YES;
				CLANG_WARN_INT_CONVERSION = YES;
				CLANG_WARN_NON_LITERAL_NULL_CONVERSION = YES;
				CLANG_WARN_OBJC_IMPLICIT_RETAIN_SELF = YES;
				CLANG_WARN_OBJC_LITERAL_CONVERSION = YES;
				CLANG_WARN_OBJC_ROOT_CLASS = YES_ERROR;
				CLANG_WARN_QUOTED_INCLUDE_IN_FRAMEWORK_HEADER = YES;
				CLANG_WARN_RANGE_LOOP_ANALYSIS = YES;
				CLANG_WARN_STRICT_PROTOTYPES = YES;
				CLANG_WARN_SUSPICIOUS_MOVE = YES;
				CLANG_WARN_UNREACHABLE_CODE = YES;
				CLANG_WARN__DUPLICATE_METHOD_MATCH = YES;
				"CODE_SIGN_IDENTITY[sdk=iphoneos*]" = "iPhone Developer";
				COPY_PHASE_STRIP = NO;
				DEBUG_INFORMATION_FORMAT = "dwarf-with-dsym";
				ENABLE_STRICT_OBJC_MSGSEND = YES;
				ENABLE_TESTABILITY = YES;
				GCC_C_LANGUAGE_STANDARD = gnu99;
				GCC_DYNAMIC_NO_PIC = NO;
				GCC_NO_COMMON_BLOCKS = YES;
				GCC_OPTIMIZATION_LEVEL = 0;
				GCC_PREPROCESSOR_DEFINITIONS = (
					"DEBUG=1",
					"$(inherited)",
				);
				GCC_WARN_64_TO_32_BIT_CONVERSION = YES;
				GCC_WARN_ABOUT_RETURN_TYPE = YES_ERROR;
				GCC_WARN_UNDECLARED_SELECTOR = YES;
				GCC_WARN_UNINITIALIZED_AUTOS = YES_AGGRESSIVE;
				GCC_WARN_UNUSED_FUNCTION = YES;
				GCC_WARN_UNUSED_VARIABLE = YES;
				IPHONEOS_DEPLOYMENT_TARGET = 9.0;
				MTL_ENABLE_DEBUG_INFO = YES;
				ONLY_ACTIVE_ARCH = YES;
				SDKROOT = iphoneos;
			};
			name = Debug;
		};
		80F72FEF0A2507847F2031DFA09015CC /* Release */ = {
			isa = XCBuildConfiguration;
			buildSettings = {
				ALWAYS_SEARCH_USER_PATHS = NO;
				CLANG_CXX_LANGUAGE_STANDARD = "gnu++0x";
				CLANG_CXX_LIBRARY = "libc++";
				CLANG_ENABLE_MODULES = YES;
				CLANG_ENABLE_OBJC_ARC = YES;
				CLANG_WARN_BLOCK_CAPTURE_AUTORELEASING = YES;
				CLANG_WARN_BOOL_CONVERSION = YES;
				CLANG_WARN_COMMA = YES;
				CLANG_WARN_CONSTANT_CONVERSION = YES;
				CLANG_WARN_DEPRECATED_OBJC_IMPLEMENTATIONS = YES;
				CLANG_WARN_DIRECT_OBJC_ISA_USAGE = YES_ERROR;
				CLANG_WARN_EMPTY_BODY = YES;
				CLANG_WARN_ENUM_CONVERSION = YES;
				CLANG_WARN_INFINITE_RECURSION = YES;
				CLANG_WARN_INT_CONVERSION = YES;
				CLANG_WARN_NON_LITERAL_NULL_CONVERSION = YES;
				CLANG_WARN_OBJC_IMPLICIT_RETAIN_SELF = YES;
				CLANG_WARN_OBJC_LITERAL_CONVERSION = YES;
				CLANG_WARN_OBJC_ROOT_CLASS = YES_ERROR;
				CLANG_WARN_QUOTED_INCLUDE_IN_FRAMEWORK_HEADER = YES;
				CLANG_WARN_RANGE_LOOP_ANALYSIS = YES;
				CLANG_WARN_STRICT_PROTOTYPES = YES;
				CLANG_WARN_SUSPICIOUS_MOVE = YES;
				CLANG_WARN_UNREACHABLE_CODE = YES;
				CLANG_WARN__DUPLICATE_METHOD_MATCH = YES;
				"CODE_SIGN_IDENTITY[sdk=iphoneos*]" = "iPhone Developer";
				COPY_PHASE_STRIP = NO;
				DEBUG_INFORMATION_FORMAT = "dwarf-with-dsym";
				ENABLE_NS_ASSERTIONS = NO;
				ENABLE_STRICT_OBJC_MSGSEND = YES;
				GCC_C_LANGUAGE_STANDARD = gnu99;
				GCC_NO_COMMON_BLOCKS = YES;
				GCC_WARN_64_TO_32_BIT_CONVERSION = YES;
				GCC_WARN_ABOUT_RETURN_TYPE = YES_ERROR;
				GCC_WARN_UNDECLARED_SELECTOR = YES;
				GCC_WARN_UNINITIALIZED_AUTOS = YES_AGGRESSIVE;
				GCC_WARN_UNUSED_FUNCTION = YES;
				GCC_WARN_UNUSED_VARIABLE = YES;
				IPHONEOS_DEPLOYMENT_TARGET = 9.0;
				MTL_ENABLE_DEBUG_INFO = NO;
				SDKROOT = iphoneos;
				VALIDATE_PRODUCT = YES;
			};
			name = Release;
		};
		876DA67A81D12A759FFD88DB694D30D9 /* Release */ = {
			isa = XCBuildConfiguration;
			buildSettings = {
				PRODUCT_NAME = "$(TARGET_NAME)";
			};
			name = Release;
		};
		D80AC95560189A958FCE547B9B5C26E6 /* Debug */ = {
			isa = XCBuildConfiguration;
			buildSettings = {
				CLANG_ENABLE_OBJC_ARC = YES;
				CODE_SIGN_STYLE = Automatic;
				DEBUG_INFORMATION_FORMAT = "dwarf-with-dsym";
				ENABLE_BITCODE = NO;
				GCC_INLINES_ARE_PRIVATE_EXTERN = YES;
				GCC_SYMBOLS_PRIVATE_EXTERN = YES;
				MACH_O_TYPE = staticlib;
				OTHER_LDFLAGS = (
					"$(inherited)",
					"-Objc",
					"-all_load",
				);
				PRODUCT_NAME = "$(TARGET_NAME)";
				SKIP_INSTALL = YES;
				USER_HEADER_SEARCH_PATHS = "$(inherited) ${SRCROOT}/../../../zfsrc ${SRCROOT}/../../../../../../ZFFramework/_release/iOS/all/include";
				WARNING_CFLAGS = "-Wpartial-availability";
			};
			name = Debug;
		};
/* End XCBuildConfiguration section */

/* Begin XCConfigurationList section */
		371C902984BBE3E27F7A3B1A3D6950F0 /* Build configuration list for PBXAggregateTarget "ZFLua_aggregate" */ = {
			isa = XCConfigurationList;
			buildConfigurations = (
				21A38F3690310D6A2B31276A3886EAF0 /* Debug */,
				876DA67A81D12A759FFD88DB694D30D9 /* Release */,
			);
			defaultConfigurationIsVisible = 0;
			defaultConfigurationName = Release;
		};
		6E2DD4FE05681796443DA34CDAF6D8CC /* Build configuration list for PBXNativeTarget "ZFLua" */ = {
			isa = XCConfigurationList;
			buildConfigurations = (
				D80AC95560189A958FCE547B9B5C26E6 /* Debug */,
				1CC0FC4084139601245755CDFC984676 /* Release */,
			);
			defaultConfigurationIsVisible = 0;
			defaultConfigurationName = Release;
		};
		D5B4B6193284E5E948C683D5428AC597 /* Build configuration list for PBXProject "ZFLua" */ = {
			isa = XCConfigurationList;
			buildConfigurations = (
				709DFA90854A56FB2129C65D28355335 /* Debug */,
				80F72FEF0A2507847F2031DFA09015CC /* Release */,
			);
			defaultConfigurationIsVisible = 0;
			defaultConfigurationName = Release;
		};
/* End XCConfigurationList section */
	};
	rootObject = 6626C6DA24371C22F276484BA37BCEE4 /* Project object */;
}
