// !$*UTF8*$!
{
	archiveVersion = 1;
	classes = {
	};
	objectVersion = 54;
	objects = {

/* Begin PBXAggregateTarget section */
		A01C8A8C2D1A3FC6B2C6E285FFD83D26 /* ZFAlgorithm_impl_aggregate */ = {
			isa = PBXAggregateTarget;
			buildConfigurationList = 53DC0F7B2B5EEBF63830207FF6D2BE48 /* Build configuration list for PBXAggregateTarget "ZFAlgorithm_impl_aggregate" */;
			buildPhases = (
				49061973376CC1988D7260603A886C77 /* ShellScript */,
			);
			dependencies = (
			);
			name = ZFAlgorithm_impl_aggregate;
			productName = ZFAlgorithm_impl_aggregate;
		};
/* End PBXAggregateTarget section */

/* Begin PBXBuildFile section */
		32497F06D082FE87E7A9C37B1FB43164 /* zfgensrc_ZFAlgorithm_impl.mm in Sources */ = {isa = PBXBuildFile; fileRef = E08207DB62420BF04085B01A0E5D878B /* zfgensrc_ZFAlgorithm_impl.mm */; };
		848D7002F1259EB63B1A60A530AEB346 /* Foundation.framework in Frameworks */ = {isa = PBXBuildFile; fileRef = 51B6D89F22E257B0B1D5852686548BB2 /* Foundation.framework */; };
/* End PBXBuildFile section */

/* Begin PBXCopyFilesBuildPhase section */
		D993E31CC404D3DCB6798B5CB2A7CEFE /* CopyFiles */ = {
			isa = PBXCopyFilesBuildPhase;
			buildActionMask = 2147483647;
			dstPath = "include/$(PRODUCT_NAME)";
			dstSubfolderSpec = 16;
			files = (
			);
			runOnlyForDeploymentPostprocessing = 0;
		};
/* End PBXCopyFilesBuildPhase section */

/* Begin PBXFileReference section */
		4124A424684313BF970ED13CADD85F00 /* zfsrc */ = {isa = PBXFileReference; lastKnownFileType = folder; name = zfsrc; path = ../../../zfsrc; sourceTree = "<group>"; };
		51B6D89F22E257B0B1D5852686548BB2 /* Foundation.framework */ = {isa = PBXFileReference; lastKnownFileType = wrapper.framework; name = Foundation.framework; path = System/Library/Frameworks/Foundation.framework; sourceTree = SDKROOT; };
		C9AAD8373790EA7002C8DE3CD0BE957E /* libZFAlgorithm_impl.a */ = {isa = PBXFileReference; explicitFileType = archive.ar; includeInIndex = 0; path = libZFAlgorithm_impl.a; sourceTree = BUILT_PRODUCTS_DIR; };
		E08207DB62420BF04085B01A0E5D878B /* zfgensrc_ZFAlgorithm_impl.mm */ = {isa = PBXFileReference; fileEncoding = 4; lastKnownFileType = sourcecode.cpp.objcpp; path = zfgensrc_ZFAlgorithm_impl.mm; sourceTree = "<group>"; };
/* End PBXFileReference section */

/* Begin PBXFrameworksBuildPhase section */
		2AEFBF5343FAF6AD6848800EC3B35303 /* Frameworks */ = {
			isa = PBXFrameworksBuildPhase;
			buildActionMask = 2147483647;
			files = (
				848D7002F1259EB63B1A60A530AEB346 /* Foundation.framework in Frameworks */,
			);
			runOnlyForDeploymentPostprocessing = 0;
		};
/* End PBXFrameworksBuildPhase section */

/* Begin PBXGroup section */
		1000F7003DB520EFE552E29BBB99DBC6 /* ProjectFiles */ = {
			isa = PBXGroup;
			children = (
				E08207DB62420BF04085B01A0E5D878B /* zfgensrc_ZFAlgorithm_impl.mm */,
			);
			path = ProjectFiles;
			sourceTree = "<group>";
		};
		2F39999B16B64F24CFF3964FAA4CFA4B /* Products */ = {
			isa = PBXGroup;
			children = (
				C9AAD8373790EA7002C8DE3CD0BE957E /* libZFAlgorithm_impl.a */,
			);
			name = Products;
			sourceTree = "<group>";
		};
		3D9B06F1400967E320AB754F282ED1BC /* ZFAlgorithm_impl */ = {
			isa = PBXGroup;
			children = (
				4124A424684313BF970ED13CADD85F00 /* zfsrc */,
			);
			name = ZFAlgorithm_impl;
			sourceTree = "<group>";
		};
		49D57226C2D037111610F0F69BDA3745 = {
			isa = PBXGroup;
			children = (
				8F62881D2C25410D7CF83573C46A84C6 /* Frameworks */,
				2F39999B16B64F24CFF3964FAA4CFA4B /* Products */,
				1000F7003DB520EFE552E29BBB99DBC6 /* ProjectFiles */,
				3D9B06F1400967E320AB754F282ED1BC /* ZFAlgorithm_impl */,
			);
			sourceTree = "<group>";
		};
		8F62881D2C25410D7CF83573C46A84C6 /* Frameworks */ = {
			isa = PBXGroup;
			children = (
				51B6D89F22E257B0B1D5852686548BB2 /* Foundation.framework */,
			);
			name = Frameworks;
			sourceTree = "<group>";
		};
/* End PBXGroup section */

/* Begin PBXNativeTarget section */
		D0666C59C07B135ABCAABE01685AEED1 /* ZFAlgorithm_impl */ = {
			isa = PBXNativeTarget;
			buildConfigurationList = 37DBF8CCE0CF7712AA573DCF307E6D35 /* Build configuration list for PBXNativeTarget "ZFAlgorithm_impl" */;
			buildPhases = (
				12D1F8D82FE0FE9E84274C52BAA0564A /* ZFCompileSource */,
				C4F9827E0901854405F244AD499B7655 /* Sources */,
				2AEFBF5343FAF6AD6848800EC3B35303 /* Frameworks */,
				D993E31CC404D3DCB6798B5CB2A7CEFE /* CopyFiles */,
				AF65E982304E4034FB3717B84938E3C5 /* ZFUniqueProj */,
			);
			buildRules = (
			);
			dependencies = (
			);
			name = ZFAlgorithm_impl;
			productName = ZFAlgorithm_impl;
			productReference = C9AAD8373790EA7002C8DE3CD0BE957E /* libZFAlgorithm_impl.a */;
			productType = "com.apple.product-type.library.static";
		};
/* End PBXNativeTarget section */

/* Begin PBXProject section */
		C625EB861FFFC070942DA3B29FF55A30 /* Project object */ = {
			isa = PBXProject;
			attributes = {
				LastUpgradeCheck = 1240;
				ORGANIZATIONNAME = ZFFramework;
				TargetAttributes = {
					D0666C59C07B135ABCAABE01685AEED1 = {
						CreatedOnToolsVersion = 9.2;
						ProvisioningStyle = Automatic;
					};
					A01C8A8C2D1A3FC6B2C6E285FFD83D26 = {
						CreatedOnToolsVersion = 9.2;
						ProvisioningStyle = Automatic;
					};
				};
			};
			buildConfigurationList = C981435FB83FF79C940285B0E33B50C7 /* Build configuration list for PBXProject "ZFAlgorithm_impl" */;
			compatibilityVersion = "Xcode 8.0";
			developmentRegion = en;
			hasScannedForEncodings = 0;
			knownRegions = (
				en,
				Base,
			);
			mainGroup = 49D57226C2D037111610F0F69BDA3745;
			productRefGroup = 2F39999B16B64F24CFF3964FAA4CFA4B /* Products */;
			projectDirPath = "";
			projectRoot = "";
			targets = (
				D0666C59C07B135ABCAABE01685AEED1 /* ZFAlgorithm_impl */,
				A01C8A8C2D1A3FC6B2C6E285FFD83D26 /* ZFAlgorithm_impl_aggregate */,
			);
		};
/* End PBXProject section */

/* Begin PBXShellScriptBuildPhase section */
		12D1F8D82FE0FE9E84274C52BAA0564A /* ZFCompileSource */ = {
			isa = PBXShellScriptBuildPhase;
			alwaysOutOfDate = 1;
			buildActionMask = 2147483647;
			files = (
			);
			inputPaths = (
			);
			name = ZFCompileSource;
			outputPaths = (
				"$(SRCROOT)/ProjectFiles/zfgensrc_ZFAlgorithm_impl.mm",
			);
			runOnlyForDeploymentPostprocessing = 0;
			shellPath = /bin/sh;
			shellScript = "sh ${SRCROOT}/../../../../../../ZFFramework/tools/common/unity_build.sh \"${SRCROOT}/ProjectFiles/zfgensrc_ZFAlgorithm_impl.mm\" \"${SRCROOT}/../../../zfsrc\"";
		};
		49061973376CC1988D7260603A886C77 /* ShellScript */ = {
			isa = PBXShellScriptBuildPhase;
			buildActionMask = 2147483647;
			files = (
			);
			inputPaths = (
			);
			outputPaths = (
			);
			runOnlyForDeploymentPostprocessing = 0;
			shellPath = /bin/sh;
			shellScript = "ZF_ROOT_PATH=${SRCROOT}/../../../../../../ZFFramework\nZF_TOOLS_PATH=$ZF_ROOT_PATH/tools\n\nsh $ZF_TOOLS_PATH/spec/iOS/aggregate.sh ${PROJECT_NAME} ${SRCROOT}/../../..\n";
		};
		AF65E982304E4034FB3717B84938E3C5 /* ZFUniqueProj */ = {
			isa = PBXShellScriptBuildPhase;
			buildActionMask = 2147483647;
			files = (
			);
			inputPaths = (
			);
			name = ZFUniqueProj;
			outputPaths = (
			);
			runOnlyForDeploymentPostprocessing = 0;
			shellPath = /bin/sh;
			shellScript = "sh ${SRCROOT}/../../../../../../ZFFramework/tools/spec/iOS/unique_proj.sh \"${SRCROOT}/${PROJECT_NAME}.xcodeproj\"";
		};
/* End PBXShellScriptBuildPhase section */

/* Begin PBXSourcesBuildPhase section */
		C4F9827E0901854405F244AD499B7655 /* Sources */ = {
			isa = PBXSourcesBuildPhase;
			buildActionMask = 2147483647;
			files = (
				32497F06D082FE87E7A9C37B1FB43164 /* zfgensrc_ZFAlgorithm_impl.mm in Sources */,
			);
			runOnlyForDeploymentPostprocessing = 0;
		};
/* End PBXSourcesBuildPhase section */

/* Begin XCBuildConfiguration section */
		0B65E8BC7D757A3F2E2D1250C5D31B62 /* Debug */ = {
			isa = XCBuildConfiguration;
			buildSettings = {
				ALWAYS_SEARCH_USER_PATHS = NO;
				CLANG_CXX_LANGUAGE_STANDARD = "gnu++0x";
				CLANG_CXX_LIBRARY = "libc++";
				CLANG_ENABLE_MODULES = YES;
				CLANG_ENABLE_OBJC_ARC = YES;
				CLANG_WARN_BLOCK_CAPTURE_AUTORELEASING = YES;
				CLANG_WARN_BOOL_CONVERSION = YES;
				CLANG_WARN_COMMA = YES;
				CLANG_WARN_CONSTANT_CONVERSION = YES;
				CLANG_WARN_DEPRECATED_OBJC_IMPLEMENTATIONS = YES;
				CLANG_WARN_DIRECT_OBJC_ISA_USAGE = YES_ERROR;
				CLANG_WARN_EMPTY_BODY = YES;
				CLANG_WARN_ENUM_CONVERSION = YES;
				CLANG_WARN_INFINITE_RECURSION = YES;
				CLANG_WARN_INT_CONVERSION = YES;
				CLANG_WARN_NON_LITERAL_NULL_CONVERSION = YES;
				CLANG_WARN_OBJC_IMPLICIT_RETAIN_SELF = YES;
				CLANG_WARN_OBJC_LITERAL_CONVERSION = YES;
				CLANG_WARN_OBJC_ROOT_CLASS = YES_ERROR;
				CLANG_WARN_QUOTED_INCLUDE_IN_FRAMEWORK_HEADER = YES;
				CLANG_WARN_RANGE_LOOP_ANALYSIS = YES;
				CLANG_WARN_STRICT_PROTOTYPES = YES;
				CLANG_WARN_SUSPICIOUS_MOVE = YES;
				CLANG_WARN_UNREACHABLE_CODE = YES;
				CLANG_WARN__DUPLICATE_METHOD_MATCH = YES;
				"CODE_SIGN_IDENTITY[sdk=iphoneos*]" = "iPhone Developer";
				COPY_PHASE_STRIP = NO;
				DEBUG_INFORMATION_FORMAT = "dwarf-with-dsym";
				ENABLE_STRICT_OBJC_MSGSEND = YES;
				ENABLE_TESTABILITY = YES;
				GCC_C_LANGUAGE_STANDARD = gnu99;
				GCC_DYNAMIC_NO_PIC = NO;
				GCC_NO_COMMON_BLOCKS = YES;
				GCC_OPTIMIZATION_LEVEL = 0;
				GCC_PREPROCESSOR_DEFINITIONS = (
					"DEBUG=1",
					"$(inherited)",
				);
				GCC_WARN_64_TO_32_BIT_CONVERSION = YES;
				GCC_WARN_ABOUT_RETURN_TYPE = YES_ERROR;
				GCC_WARN_UNDECLARED_SELECTOR = YES;
				GCC_WARN_UNINITIALIZED_AUTOS = YES_AGGRESSIVE;
				GCC_WARN_UNUSED_FUNCTION = YES;
				GCC_WARN_UNUSED_VARIABLE = YES;
				IPHONEOS_DEPLOYMENT_TARGET = 9.0;
				MTL_ENABLE_DEBUG_INFO = YES;
				ONLY_ACTIVE_ARCH = YES;
				SDKROOT = iphoneos;
			};
			name = Debug;
		};
		258F934BB564BFAB27175C11439CE887 /* Debug */ = {
			isa = XCBuildConfiguration;
			buildSettings = {
				PRODUCT_NAME = "$(TARGET_NAME)";
			};
			name = Debug;
		};
		346A8C41AC7B003BEDD6DBA9A2995480 /* Release */ = {
			isa = XCBuildConfiguration;
			buildSettings = {
				ALWAYS_SEARCH_USER_PATHS = NO;
				CLANG_CXX_LANGUAGE_STANDARD = "gnu++0x";
				CLANG_CXX_LIBRARY = "libc++";
				CLANG_ENABLE_MODULES = YES;
				CLANG_ENABLE_OBJC_ARC = YES;
				CLANG_WARN_BLOCK_CAPTURE_AUTORELEASING = YES;
				CLANG_WARN_BOOL_CONVERSION = YES;
				CLANG_WARN_COMMA = YES;
				CLANG_WARN_CONSTANT_CONVERSION = YES;
				CLANG_WARN_DEPRECATED_OBJC_IMPLEMENTATIONS = YES;
				CLANG_WARN_DIRECT_OBJC_ISA_USAGE = YES_ERROR;
				CLANG_WARN_EMPTY_BODY = YES;
				CLANG_WARN_ENUM_CONVERSION = YES;
				CLANG_WARN_INFINITE_RECURSION = YES;
				CLANG_WARN_INT_CONVERSION = YES;
				CLANG_WARN_NON_LITERAL_NULL_CONVERSION = YES;
				CLANG_WARN_OBJC_IMPLICIT_RETAIN_SELF = YES;
				CLANG_WARN_OBJC_LITERAL_CONVERSION = YES;
				CLANG_WARN_OBJC_ROOT_CLASS = YES_ERROR;
				CLANG_WARN_QUOTED_INCLUDE_IN_FRAMEWORK_HEADER = YES;
				CLANG_WARN_RANGE_LOOP_ANALYSIS = YES;
				CLANG_WARN_STRICT_PROTOTYPES = YES;
				CLANG_WARN_SUSPICIOUS_MOVE = YES;
				CLANG_WARN_UNREACHABLE_CODE = YES;
				CLANG_WARN__DUPLICATE_METHOD_MATCH = YES;
				"CODE_SIGN_IDENTITY[sdk=iphoneos*]" = "iPhone Developer";
				COPY_PHASE_STRIP = NO;
				DEBUG_INFORMATION_FORMAT = "dwarf-with-dsym";
				ENABLE_NS_ASSERTIONS = NO;
				ENABLE_STRICT_OBJC_MSGSEND = YES;
				GCC_C_LANGUAGE_STANDARD = gnu99;
				GCC_NO_COMMON_BLOCKS = YES;
				GCC_WARN_64_TO_32_BIT_CONVERSION = YES;
				GCC_WARN_ABOUT_RETURN_TYPE = YES_ERROR;
				GCC_WARN_UNDECLARED_SELECTOR = YES;
				GCC_WARN_UNINITIALIZED_AUTOS = YES_AGGRESSIVE;
				GCC_WARN_UNUSED_FUNCTION = YES;
				GCC_WARN_UNUSED_VARIABLE = YES;
				IPHONEOS_DEPLOYMENT_TARGET = 9.0;
				MTL_ENABLE_DEBUG_INFO = NO;
				SDKROOT = iphoneos;
				VALIDATE_PRODUCT = YES;
			};
			name = Release;
		};
		8DF6F0B406F92E7A0610D7F7F1691026 /* Release */ = {
			isa = XCBuildConfiguration;
			buildSettings = {
				CLANG_ENABLE_OBJC_ARC = YES;
				CODE_SIGN_STYLE = Automatic;
				DEBUG_INFORMATION_FORMAT = "dwarf-with-dsym";
				ENABLE_BITCODE = NO;
				GCC_INLINES_ARE_PRIVATE_EXTERN = YES;
				GCC_SYMBOLS_PRIVATE_EXTERN = YES;
				MACH_O_TYPE = staticlib;
				OTHER_LDFLAGS = (
					"$(inherited)",
					"-Objc",
					"-all_load",
				);
				PRODUCT_NAME = "$(TARGET_NAME)";
				SKIP_INSTALL = YES;
				USER_HEADER_SEARCH_PATHS = "$(inherited) ${SRCROOT}/../../../zfsrc ${SRCROOT}/../../../../../../ZFFramework/_release/iOS/all/include";
				WARNING_CFLAGS = "-Wpartial-availability";
			};
			name = Release;
		};
		D0313885A7F0E38206A4D8C7D71F7E29 /* Release */ = {
			isa = XCBuildConfiguration;
			buildSettings = {
				PRODUCT_NAME = "$(TARGET_NAME)";
			};
			name = Release;
		};
		FD02DE8E25492BFDFCD1EFF772D199B4 /* Debug */ = {
			isa = XCBuildConfiguration;
			buildSettings = {
				CLANG_ENABLE_OBJC_ARC = YES;
				CODE_SIGN_STYLE = Automatic;
				DEBUG_INFORMATION_FORMAT = "dwarf-with-dsym";
				ENABLE_BITCODE = NO;
				GCC_INLINES_ARE_PRIVATE_EXTERN = YES;
				GCC_SYMBOLS_PRIVATE_EXTERN = YES;
				MACH_O_TYPE = staticlib;
				OTHER_LDFLAGS = (
					"$(inherited)",
					"-Objc",
					"-all_load",
				);
				PRODUCT_NAME = "$(TARGET_NAME)";
				SKIP_INSTALL = YES;
				USER_HEADER_SEARCH_PATHS = "$(inherited) ${SRCROOT}/../../../zfsrc ${SRCROOT}/../../../../../../ZFFramework/_release/iOS/all/include";
				WARNING_CFLAGS = "-Wpartial-availability";
			};
			name = Debug;
		};
/* End XCBuildConfiguration section */

/* Begin XCConfigurationList section */
		37DBF8CCE0CF7712AA573DCF307E6D35 /* Build configuration list for PBXNativeTarget "ZFAlgorithm_impl" */ = {
			isa = XCConfigurationList;
			buildConfigurations = (
				FD02DE8E25492BFDFCD1EFF772D199B4 /* Debug */,
				8DF6F0B406F92E7A0610D7F7F1691026 /* Release */,
			);
			defaultConfigurationIsVisible = 0;
			defaultConfigurationName = Release;
		};
		53DC0F7B2B5EEBF63830207FF6D2BE48 /* Build configuration list for PBXAggregateTarget "ZFAlgorithm_impl_aggregate" */ = {
			isa = XCConfigurationList;
			buildConfigurations = (
				258F934BB564BFAB27175C11439CE887 /* Debug */,
				D0313885A7F0E38206A4D8C7D71F7E29 /* Release */,
			);
			defaultConfigurationIsVisible = 0;
			defaultConfigurationName = Release;
		};
		C981435FB83FF79C940285B0E33B50C7 /* Build configuration list for PBXProject "ZFAlgorithm_impl" */ = {
			isa = XCConfigurationList;
			buildConfigurations = (
				0B65E8BC7D757A3F2E2D1250C5D31B62 /* Debug */,
				346A8C41AC7B003BEDD6DBA9A2995480 /* Release */,
			);
			defaultConfigurationIsVisible = 0;
			defaultConfigurationName = Release;
		};
/* End XCConfigurationList section */
	};
	rootObject = C625EB861FFFC070942DA3B29FF55A30 /* Project object */;
}
