// !$*UTF8*$!
{
	archiveVersion = 1;
	classes = {
	};
	objectVersion = 54;
	objects = {

/* Begin PBXBuildFile section */
		B9202652BA588E6209FB4EBB6684E4C8 /* Foundation.framework in Frameworks */ = {isa = PBXBuildFile; fileRef = 6051E9EE7E8C324E3E3F6386F2DED95E /* Foundation.framework */; };
		E1BF58A875C33A222A226250997F4DAF /* zfgensrc_ZFNet_impl.mm in Sources */ = {isa = PBXBuildFile; fileRef = AF4931A6E3FD190351B35D817095571D /* zfgensrc_ZFNet_impl.mm */; };
		EBFD7A4E37A3E09BEBBC8DA813B915DD /* Pods_ZFNet_impl.framework in Frameworks */ = {isa = PBXBuildFile; fileRef = D2532BD392A0B16F872655E391A84580 /* Pods_ZFNet_impl.framework */; };
/* End PBXBuildFile section */

/* Begin PBXCopyFilesBuildPhase section */
		C97FF6820918E7AA0A190B101EC85126 /* CopyFiles */ = {
			isa = PBXCopyFilesBuildPhase;
			buildActionMask = 2147483647;
			dstPath = "include/$(PRODUCT_NAME)";
			dstSubfolderSpec = 16;
			files = (
			);
			runOnlyForDeploymentPostprocessing = 0;
		};
/* End PBXCopyFilesBuildPhase section */

/* Begin PBXFileReference section */
		0660E4AEC4C27410C289160CF83E8265 /* Pods-ZFNet_impl.release.xcconfig */ = {isa = PBXFileReference; includeInIndex = 1; lastKnownFileType = text.xcconfig; name = "Pods-ZFNet_impl.release.xcconfig"; path = "Target Support Files/Pods-ZFNet_impl/Pods-ZFNet_impl.release.xcconfig"; sourceTree = "<group>"; };
		6051E9EE7E8C324E3E3F6386F2DED95E /* Foundation.framework */ = {isa = PBXFileReference; lastKnownFileType = wrapper.framework; name = Foundation.framework; path = System/Library/Frameworks/Foundation.framework; sourceTree = SDKROOT; };
		AF4931A6E3FD190351B35D817095571D /* zfgensrc_ZFNet_impl.mm */ = {isa = PBXFileReference; fileEncoding = 4; lastKnownFileType = sourcecode.cpp.objcpp; path = zfgensrc_ZFNet_impl.mm; sourceTree = "<group>"; };
		B2A82D3C6A2BF14911FA0CFB1AC67CBB /* Pods-ZFNet_impl.debug.xcconfig */ = {isa = PBXFileReference; includeInIndex = 1; lastKnownFileType = text.xcconfig; name = "Pods-ZFNet_impl.debug.xcconfig"; path = "Target Support Files/Pods-ZFNet_impl/Pods-ZFNet_impl.debug.xcconfig"; sourceTree = "<group>"; };
		D2532BD392A0B16F872655E391A84580 /* Pods_ZFNet_impl.framework */ = {isa = PBXFileReference; explicitFileType = wrapper.framework; includeInIndex = 0; path = Pods_ZFNet_impl.framework; sourceTree = BUILT_PRODUCTS_DIR; };
		EA22DA518666A2F34DE9D0FE0E438D10 /* libZFNet_impl.a */ = {isa = PBXFileReference; explicitFileType = archive.ar; includeInIndex = 0; path = libZFNet_impl.a; sourceTree = BUILT_PRODUCTS_DIR; };
		F25E66C47B5E4E2F4201FDEBF521D11B /* zfsrc */ = {isa = PBXFileReference; lastKnownFileType = folder; name = zfsrc; path = ../../../zfsrc; sourceTree = "<group>"; };
/* End PBXFileReference section */

/* Begin PBXFrameworksBuildPhase section */
		FA66070BCE1356B01B6C47CCDE9A5D41 /* Frameworks */ = {
			isa = PBXFrameworksBuildPhase;
			buildActionMask = 2147483647;
			files = (
				B9202652BA588E6209FB4EBB6684E4C8 /* Foundation.framework in Frameworks */,
				EBFD7A4E37A3E09BEBBC8DA813B915DD /* Pods_ZFNet_impl.framework in Frameworks */,
			);
			runOnlyForDeploymentPostprocessing = 0;
		};
/* End PBXFrameworksBuildPhase section */

/* Begin PBXGroup section */
		274C5ABF907F559884E517F7E7BCE150 /* Frameworks */ = {
			isa = PBXGroup;
			children = (
				6051E9EE7E8C324E3E3F6386F2DED95E /* Foundation.framework */,
				D2532BD392A0B16F872655E391A84580 /* Pods_ZFNet_impl.framework */,
			);
			name = Frameworks;
			sourceTree = "<group>";
		};
		5D3BBA7AB4DDEB8B82FF8D1AD233D537 /* Products */ = {
			isa = PBXGroup;
			children = (
				EA22DA518666A2F34DE9D0FE0E438D10 /* libZFNet_impl.a */,
			);
			name = Products;
			sourceTree = "<group>";
		};
		67EB3A5BEACCF514D81EB506D5F2CA56 /* ProjectFiles */ = {
			isa = PBXGroup;
			children = (
				AF4931A6E3FD190351B35D817095571D /* zfgensrc_ZFNet_impl.mm */,
			);
			path = ProjectFiles;
			sourceTree = "<group>";
		};
		75E063243BE9AC2F890212E474FDC8B6 = {
			isa = PBXGroup;
			children = (
				274C5ABF907F559884E517F7E7BCE150 /* Frameworks */,
				D294CA5DA7953580C753A534B9749AC6 /* Pods */,
				5D3BBA7AB4DDEB8B82FF8D1AD233D537 /* Products */,
				67EB3A5BEACCF514D81EB506D5F2CA56 /* ProjectFiles */,
				974D9E623F14EE766BABB7FECB2914B9 /* ZFNet_impl */,
			);
			sourceTree = "<group>";
		};
		974D9E623F14EE766BABB7FECB2914B9 /* ZFNet_impl */ = {
			isa = PBXGroup;
			children = (
				F25E66C47B5E4E2F4201FDEBF521D11B /* zfsrc */,
			);
			name = ZFNet_impl;
			sourceTree = "<group>";
		};
		D294CA5DA7953580C753A534B9749AC6 /* Pods */ = {
			isa = PBXGroup;
			children = (
				B2A82D3C6A2BF14911FA0CFB1AC67CBB /* Pods-ZFNet_impl.debug.xcconfig */,
				0660E4AEC4C27410C289160CF83E8265 /* Pods-ZFNet_impl.release.xcconfig */,
			);
			path = Pods;
			sourceTree = "<group>";
		};
/* End PBXGroup section */

/* Begin PBXNativeTarget section */
		F2B263F20E188C88FC4840E026679FC7 /* ZFNet_impl */ = {
			isa = PBXNativeTarget;
			buildConfigurationList = 299600388D8C69AB4E26FA8C3CA30854 /* Build configuration list for PBXNativeTarget "ZFNet_impl" */;
			buildPhases = (
				960C825DB2A1B13857D1D58303C38029 /* [CP] Check Pods Manifest.lock */,
				0A4F3AB11ABBF0F9C98825A0C657E33E /* ZFCompileSource */,
				89180CEC4AA494A460688D53A985A977 /* Sources */,
				FA66070BCE1356B01B6C47CCDE9A5D41 /* Frameworks */,
				C97FF6820918E7AA0A190B101EC85126 /* CopyFiles */,
				EC1877264C7048037CF1C05C8B698484 /* ZFUniqueProj */,
			);
			buildRules = (
			);
			dependencies = (
			);
			name = ZFNet_impl;
			productName = ZFNet_impl;
			productReference = EA22DA518666A2F34DE9D0FE0E438D10 /* libZFNet_impl.a */;
			productType = "com.apple.product-type.library.static";
		};
/* End PBXNativeTarget section */

/* Begin PBXProject section */
		42286EDB35AC723BCC2A6B896158199D /* Project object */ = {
			isa = PBXProject;
			attributes = {
				BuildIndependentTargetsInParallel = YES;
				LastUpgradeCheck = 2620;
				ORGANIZATIONNAME = ZFFramework;
				TargetAttributes = {
					F2B263F20E188C88FC4840E026679FC7 = {
						CreatedOnToolsVersion = 9.2;
						ProvisioningStyle = Automatic;
					};
				};
			};
			buildConfigurationList = 20CDABEA68996DB8F6086C2278B2A917 /* Build configuration list for PBXProject "ZFNet_impl" */;
			compatibilityVersion = "Xcode 8.0";
			developmentRegion = en;
			hasScannedForEncodings = 0;
			knownRegions = (
				en,
				Base,
			);
			mainGroup = 75E063243BE9AC2F890212E474FDC8B6;
			productRefGroup = 5D3BBA7AB4DDEB8B82FF8D1AD233D537 /* Products */;
			projectDirPath = "";
			projectRoot = "";
			targets = (
				F2B263F20E188C88FC4840E026679FC7 /* ZFNet_impl */,
			);
		};
/* End PBXProject section */

/* Begin PBXShellScriptBuildPhase section */
		0A4F3AB11ABBF0F9C98825A0C657E33E /* ZFCompileSource */ = {
			isa = PBXShellScriptBuildPhase;
			alwaysOutOfDate = 1;
			buildActionMask = 2147483647;
			files = (
			);
			inputPaths = (
			);
			name = ZFCompileSource;
			outputPaths = (
				"$(SRCROOT)/ProjectFiles/zfgensrc_ZFNet_impl.mm",
			);
			runOnlyForDeploymentPostprocessing = 0;
			shellPath = /bin/sh;
			shellScript = "sh ${SRCROOT}/../../../../../../ZFFramework/tools/common/unity_build.sh \"${SRCROOT}/ProjectFiles/zfgensrc_ZFNet_impl.mm\" \"${SRCROOT}/../../../zfsrc\"";
		};
		960C825DB2A1B13857D1D58303C38029 /* [CP] Check Pods Manifest.lock */ = {
			isa = PBXShellScriptBuildPhase;
			buildActionMask = 2147483647;
			files = (
			);
			inputFileListPaths = (
			);
			inputPaths = (
				"${PODS_PODFILE_DIR_PATH}/Podfile.lock",
				"${PODS_ROOT}/Manifest.lock",
			);
			name = "[CP] Check Pods Manifest.lock";
			outputFileListPaths = (
			);
			outputPaths = (
				"$(DERIVED_FILE_DIR)/Pods-ZFNet_impl-checkManifestLockResult.txt",
			);
			runOnlyForDeploymentPostprocessing = 0;
			shellPath = /bin/sh;
			shellScript = "diff \"${PODS_PODFILE_DIR_PATH}/Podfile.lock\" \"${PODS_ROOT}/Manifest.lock\" > /dev/null\nif [ $? != 0 ] ; then\n    # print error to STDERR\n    echo \"error: The sandbox is not in sync with the Podfile.lock. Run 'pod install' or update your CocoaPods installation.\" >&2\n    exit 1\nfi\n# This output is used by Xcode 'outputs' to avoid re-running this script phase.\necho \"SUCCESS\" > \"${SCRIPT_OUTPUT_FILE_0}\"\n";
			showEnvVarsInLog = 0;
		};
		EC1877264C7048037CF1C05C8B698484 /* ZFUniqueProj */ = {
			isa = PBXShellScriptBuildPhase;
			alwaysOutOfDate = 1;
			buildActionMask = 2147483647;
			files = (
			);
			inputPaths = (
			);
			name = ZFUniqueProj;
			outputPaths = (
			);
			runOnlyForDeploymentPostprocessing = 0;
			shellPath = /bin/sh;
			shellScript = "sh ${SRCROOT}/../../../../../../ZFFramework/tools/spec/iOS/unique_proj.sh \"${SRCROOT}/${PROJECT_NAME}.xcodeproj\"\n";
		};
/* End PBXShellScriptBuildPhase section */

/* Begin PBXSourcesBuildPhase section */
		89180CEC4AA494A460688D53A985A977 /* Sources */ = {
			isa = PBXSourcesBuildPhase;
			buildActionMask = 2147483647;
			files = (
				E1BF58A875C33A222A226250997F4DAF /* zfgensrc_ZFNet_impl.mm in Sources */,
			);
			runOnlyForDeploymentPostprocessing = 0;
		};
/* End PBXSourcesBuildPhase section */

/* Begin XCBuildConfiguration section */
		2888007C3E2444D4152BDD6B379A3F40 /* Debug */ = {
			isa = XCBuildConfiguration;
			buildSettings = {
				ALWAYS_SEARCH_USER_PATHS = NO;
				CLANG_CXX_LANGUAGE_STANDARD = "gnu++0x";
				CLANG_CXX_LIBRARY = "libc++";
				CLANG_ENABLE_MODULES = YES;
				CLANG_ENABLE_OBJC_ARC = YES;
				CLANG_WARN_BLOCK_CAPTURE_AUTORELEASING = YES;
				CLANG_WARN_BOOL_CONVERSION = YES;
				CLANG_WARN_COMMA = YES;
				CLANG_WARN_CONSTANT_CONVERSION = YES;
				CLANG_WARN_DEPRECATED_OBJC_IMPLEMENTATIONS = YES;
				CLANG_WARN_DIRECT_OBJC_ISA_USAGE = YES_ERROR;
				CLANG_WARN_EMPTY_BODY = YES;
				CLANG_WARN_ENUM_CONVERSION = YES;
				CLANG_WARN_INFINITE_RECURSION = YES;
				CLANG_WARN_INT_CONVERSION = YES;
				CLANG_WARN_NON_LITERAL_NULL_CONVERSION = YES;
				CLANG_WARN_OBJC_IMPLICIT_RETAIN_SELF = YES;
				CLANG_WARN_OBJC_LITERAL_CONVERSION = YES;
				CLANG_WARN_OBJC_ROOT_CLASS = YES_ERROR;
				CLANG_WARN_QUOTED_INCLUDE_IN_FRAMEWORK_HEADER = YES;
				CLANG_WARN_RANGE_LOOP_ANALYSIS = YES;
				CLANG_WARN_STRICT_PROTOTYPES = YES;
				CLANG_WARN_SUSPICIOUS_MOVE = YES;
				CLANG_WARN_UNREACHABLE_CODE = YES;
				CLANG_WARN__DUPLICATE_METHOD_MATCH = YES;
				"CODE_SIGN_IDENTITY[sdk=iphoneos*]" = "iPhone Developer";
				COPY_PHASE_STRIP = NO;
				DEBUG_INFORMATION_FORMAT = "dwarf-with-dsym";
				ENABLE_STRICT_OBJC_MSGSEND = YES;
				ENABLE_TESTABILITY = YES;
				ENABLE_USER_SCRIPT_SANDBOXING = NO;
				GCC_C_LANGUAGE_STANDARD = gnu99;
				GCC_DYNAMIC_NO_PIC = NO;
				GCC_NO_COMMON_BLOCKS = YES;
				GCC_OPTIMIZATION_LEVEL = 0;
				GCC_PREPROCESSOR_DEFINITIONS = (
					"DEBUG=1",
					"$(inherited)",
				);
				GCC_WARN_64_TO_32_BIT_CONVERSION = YES;
				GCC_WARN_ABOUT_RETURN_TYPE = YES_ERROR;
				GCC_WARN_UNDECLARED_SELECTOR = YES;
				GCC_WARN_UNINITIALIZED_AUTOS = YES_AGGRESSIVE;
				GCC_WARN_UNUSED_FUNCTION = YES;
				GCC_WARN_UNUSED_VARIABLE = YES;
				IPHONEOS_DEPLOYMENT_TARGET = 13.0;
				MTL_ENABLE_DEBUG_INFO = YES;
				ONLY_ACTIVE_ARCH = YES;
				SDKROOT = iphoneos;
				STRING_CATALOG_GENERATE_SYMBOLS = YES;
			};
			name = Debug;
		};
		2A79C7FC1FAE385047FCB4BD6975942C /* Debug */ = {
			isa = XCBuildConfiguration;
			baseConfigurationReference = B2A82D3C6A2BF14911FA0CFB1AC67CBB /* Pods-ZFNet_impl.debug.xcconfig */;
			buildSettings = {
				CLANG_ENABLE_OBJC_ARC = YES;
				CODE_SIGN_STYLE = Automatic;
				DEBUG_INFORMATION_FORMAT = "dwarf-with-dsym";
				ENABLE_BITCODE = NO;
				GCC_INLINES_ARE_PRIVATE_EXTERN = YES;
				GCC_SYMBOLS_PRIVATE_EXTERN = YES;
				MACH_O_TYPE = staticlib;
				OTHER_LDFLAGS = (
					"$(inherited)",
					"-Objc",
					"-all_load",
				);
				PRODUCT_NAME = "$(TARGET_NAME)";
				SKIP_INSTALL = YES;
				USER_HEADER_SEARCH_PATHS = (
					"$(inherited)",
					"${SRCROOT}/../../../zfsrc",
					"${SRCROOT}/../../../../../../ZFFramework/_release/iOS/all/include",
				);
				WARNING_CFLAGS = "-Wpartial-availability";
			};
			name = Debug;
		};
		6B7F7BDF6D702ECFCDA0AABE701B3CEF /* Release */ = {
			isa = XCBuildConfiguration;
			buildSettings = {
				ALWAYS_SEARCH_USER_PATHS = NO;
				CLANG_CXX_LANGUAGE_STANDARD = "gnu++0x";
				CLANG_CXX_LIBRARY = "libc++";
				CLANG_ENABLE_MODULES = YES;
				CLANG_ENABLE_OBJC_ARC = YES;
				CLANG_WARN_BLOCK_CAPTURE_AUTORELEASING = YES;
				CLANG_WARN_BOOL_CONVERSION = YES;
				CLANG_WARN_COMMA = YES;
				CLANG_WARN_CONSTANT_CONVERSION = YES;
				CLANG_WARN_DEPRECATED_OBJC_IMPLEMENTATIONS = YES;
				CLANG_WARN_DIRECT_OBJC_ISA_USAGE = YES_ERROR;
				CLANG_WARN_EMPTY_BODY = YES;
				CLANG_WARN_ENUM_CONVERSION = YES;
				CLANG_WARN_INFINITE_RECURSION = YES;
				CLANG_WARN_INT_CONVERSION = YES;
				CLANG_WARN_NON_LITERAL_NULL_CONVERSION = YES;
				CLANG_WARN_OBJC_IMPLICIT_RETAIN_SELF = YES;
				CLANG_WARN_OBJC_LITERAL_CONVERSION = YES;
				CLANG_WARN_OBJC_ROOT_CLASS = YES_ERROR;
				CLANG_WARN_QUOTED_INCLUDE_IN_FRAMEWORK_HEADER = YES;
				CLANG_WARN_RANGE_LOOP_ANALYSIS = YES;
				CLANG_WARN_STRICT_PROTOTYPES = YES;
				CLANG_WARN_SUSPICIOUS_MOVE = YES;
				CLANG_WARN_UNREACHABLE_CODE = YES;
				CLANG_WARN__DUPLICATE_METHOD_MATCH = YES;
				"CODE_SIGN_IDENTITY[sdk=iphoneos*]" = "iPhone Developer";
				COPY_PHASE_STRIP = NO;
				DEBUG_INFORMATION_FORMAT = "dwarf-with-dsym";
				ENABLE_NS_ASSERTIONS = NO;
				ENABLE_STRICT_OBJC_MSGSEND = YES;
				ENABLE_USER_SCRIPT_SANDBOXING = NO;
				GCC_C_LANGUAGE_STANDARD = gnu99;
				GCC_NO_COMMON_BLOCKS = YES;
				GCC_WARN_64_TO_32_BIT_CONVERSION = YES;
				GCC_WARN_ABOUT_RETURN_TYPE = YES_ERROR;
				GCC_WARN_UNDECLARED_SELECTOR = YES;
				GCC_WARN_UNINITIALIZED_AUTOS = YES_AGGRESSIVE;
				GCC_WARN_UNUSED_FUNCTION = YES;
				GCC_WARN_UNUSED_VARIABLE = YES;
				IPHONEOS_DEPLOYMENT_TARGET = 13.0;
				MTL_ENABLE_DEBUG_INFO = NO;
				SDKROOT = iphoneos;
				STRING_CATALOG_GENERATE_SYMBOLS = YES;
				VALIDATE_PRODUCT = YES;
			};
			name = Release;
		};
		774EA97C9221997C40EC08A1F0C6EC7E /* Release */ = {
			isa = XCBuildConfiguration;
			baseConfigurationReference = 0660E4AEC4C27410C289160CF83E8265 /* Pods-ZFNet_impl.release.xcconfig */;
			buildSettings = {
				CLANG_ENABLE_OBJC_ARC = YES;
				CODE_SIGN_STYLE = Automatic;
				DEBUG_INFORMATION_FORMAT = "dwarf-with-dsym";
				ENABLE_BITCODE = NO;
				GCC_INLINES_ARE_PRIVATE_EXTERN = YES;
				GCC_SYMBOLS_PRIVATE_EXTERN = YES;
				MACH_O_TYPE = staticlib;
				OTHER_LDFLAGS = (
					"$(inherited)",
					"-Objc",
					"-all_load",
				);
				PRODUCT_NAME = "$(TARGET_NAME)";
				SKIP_INSTALL = YES;
				USER_HEADER_SEARCH_PATHS = (
					"$(inherited)",
					"${SRCROOT}/../../../zfsrc",
					"${SRCROOT}/../../../../../../ZFFramework/_release/iOS/all/include",
				);
				WARNING_CFLAGS = "-Wpartial-availability";
			};
			name = Release;
		};
/* End XCBuildConfiguration section */

/* Begin XCConfigurationList section */
		20CDABEA68996DB8F6086C2278B2A917 /* Build configuration list for PBXProject "ZFNet_impl" */ = {
			isa = XCConfigurationList;
			buildConfigurations = (
				2888007C3E2444D4152BDD6B379A3F40 /* Debug */,
				6B7F7BDF6D702ECFCDA0AABE701B3CEF /* Release */,
			);
			defaultConfigurationIsVisible = 0;
			defaultConfigurationName = Release;
		};
		299600388D8C69AB4E26FA8C3CA30854 /* Build configuration list for PBXNativeTarget "ZFNet_impl" */ = {
			isa = XCConfigurationList;
			buildConfigurations = (
				2A79C7FC1FAE385047FCB4BD6975942C /* Debug */,
				774EA97C9221997C40EC08A1F0C6EC7E /* Release */,
			);
			defaultConfigurationIsVisible = 0;
			defaultConfigurationName = Release;
		};
/* End XCConfigurationList section */
	};
	rootObject = 42286EDB35AC723BCC2A6B896158199D /* Project object */;
}
