// !$*UTF8*$!
{
	archiveVersion = 1;
	classes = {
	};
	objectVersion = 54;
	objects = {

/* Begin PBXAggregateTarget section */
		38DF3F43891781F7AFE35C1C00ED2964 /* ZFLua_impl_aggregate */ = {
			isa = PBXAggregateTarget;
			buildConfigurationList = 24A243CE1D2AE6B039F4F045508ADCF7 /* Build configuration list for PBXAggregateTarget "ZFLua_impl_aggregate" */;
			buildPhases = (
				9660E4B7FEC90AD97961DFA5AD35760E /* ShellScript */,
			);
			dependencies = (
			);
			name = ZFLua_impl_aggregate;
			productName = ZFLua_impl_aggregate;
		};
/* End PBXAggregateTarget section */

/* Begin PBXBuildFile section */
		23EFEA6ED35DD29CCCF52DBD0E481D77 /* Foundation.framework in Frameworks */ = {isa = PBXBuildFile; fileRef = 7DD8D98D2A28901D433921D5D688CF24 /* Foundation.framework */; };
		4D7265AB50E2B075EE8DFDFFAE337343 /* zfgensrc_ZFLua_impl.mm in Sources */ = {isa = PBXBuildFile; fileRef = A2C0E78C33D05E4B22E6EEAD307694D7 /* zfgensrc_ZFLua_impl.mm */; };
/* End PBXBuildFile section */

/* Begin PBXCopyFilesBuildPhase section */
		7A9FF9C9A9B4CA6A4653FD368F5E27A6 /* CopyFiles */ = {
			isa = PBXCopyFilesBuildPhase;
			buildActionMask = 2147483647;
			dstPath = "include/$(PRODUCT_NAME)";
			dstSubfolderSpec = 16;
			files = (
			);
			runOnlyForDeploymentPostprocessing = 0;
		};
/* End PBXCopyFilesBuildPhase section */

/* Begin PBXFileReference section */
		7DD8D98D2A28901D433921D5D688CF24 /* Foundation.framework */ = {isa = PBXFileReference; lastKnownFileType = wrapper.framework; name = Foundation.framework; path = System/Library/Frameworks/Foundation.framework; sourceTree = SDKROOT; };
		A2C0E78C33D05E4B22E6EEAD307694D7 /* zfgensrc_ZFLua_impl.mm */ = {isa = PBXFileReference; fileEncoding = 4; lastKnownFileType = sourcecode.cpp.objcpp; path = zfgensrc_ZFLua_impl.mm; sourceTree = "<group>"; };
		AFD39296BA6EA1DC9644A6D2A3891A60 /* libZFLua_impl.a */ = {isa = PBXFileReference; explicitFileType = archive.ar; includeInIndex = 0; path = libZFLua_impl.a; sourceTree = BUILT_PRODUCTS_DIR; };
		BCF09ABC3783F6BBA9508B894F967A88 /* zfsrc */ = {isa = PBXFileReference; lastKnownFileType = folder; name = zfsrc; path = ../../../zfsrc; sourceTree = "<group>"; };
/* End PBXFileReference section */

/* Begin PBXFrameworksBuildPhase section */
		DE799F2A946D55E623C561BED50D83B2 /* Frameworks */ = {
			isa = PBXFrameworksBuildPhase;
			buildActionMask = 2147483647;
			files = (
				23EFEA6ED35DD29CCCF52DBD0E481D77 /* Foundation.framework in Frameworks */,
			);
			runOnlyForDeploymentPostprocessing = 0;
		};
/* End PBXFrameworksBuildPhase section */

/* Begin PBXGroup section */
		3E4971603DDD74744BD274770C91B023 = {
			isa = PBXGroup;
			children = (
				F112C17F68FE938679FACDF1FF1E46C4 /* Frameworks */,
				8FC62F2EC3B1FA58C5E4E2286726EC70 /* Products */,
				E33B5F7BA6FC6F63F536739567B4F4A9 /* ProjectFiles */,
				DFE58B1E7FDE05B1386CAC9C4CFC2E47 /* ZFLua_impl */,
			);
			sourceTree = "<group>";
		};
		8FC62F2EC3B1FA58C5E4E2286726EC70 /* Products */ = {
			isa = PBXGroup;
			children = (
				AFD39296BA6EA1DC9644A6D2A3891A60 /* libZFLua_impl.a */,
			);
			name = Products;
			sourceTree = "<group>";
		};
		DFE58B1E7FDE05B1386CAC9C4CFC2E47 /* ZFLua_impl */ = {
			isa = PBXGroup;
			children = (
				BCF09ABC3783F6BBA9508B894F967A88 /* zfsrc */,
			);
			name = ZFLua_impl;
			sourceTree = "<group>";
		};
		E33B5F7BA6FC6F63F536739567B4F4A9 /* ProjectFiles */ = {
			isa = PBXGroup;
			children = (
				A2C0E78C33D05E4B22E6EEAD307694D7 /* zfgensrc_ZFLua_impl.mm */,
			);
			path = ProjectFiles;
			sourceTree = "<group>";
		};
		F112C17F68FE938679FACDF1FF1E46C4 /* Frameworks */ = {
			isa = PBXGroup;
			children = (
				7DD8D98D2A28901D433921D5D688CF24 /* Foundation.framework */,
			);
			name = Frameworks;
			sourceTree = "<group>";
		};
/* End PBXGroup section */

/* Begin PBXNativeTarget section */
		6BE8EEB49F5936C4A5B54D5FB0C7EFA9 /* ZFLua_impl */ = {
			isa = PBXNativeTarget;
			buildConfigurationList = 11E5B48D6355A2E6E883CE065EC72AC9 /* Build configuration list for PBXNativeTarget "ZFLua_impl" */;
			buildPhases = (
				5B27A97044187D7F9FEEF1239D291DF3 /* ZFCompileSource */,
				0682D0309B19710F8588C27C95190B8B /* Sources */,
				DE799F2A946D55E623C561BED50D83B2 /* Frameworks */,
				7A9FF9C9A9B4CA6A4653FD368F5E27A6 /* CopyFiles */,
				532A756E44C83D821B4A665DF08721F1 /* ZFUniqueProj */,
			);
			buildRules = (
			);
			dependencies = (
			);
			name = ZFLua_impl;
			productName = ZFLua_impl;
			productReference = AFD39296BA6EA1DC9644A6D2A3891A60 /* libZFLua_impl.a */;
			productType = "com.apple.product-type.library.static";
		};
/* End PBXNativeTarget section */

/* Begin PBXProject section */
		67CA1C1B68C5AAB5EF397340EE5677C5 /* Project object */ = {
			isa = PBXProject;
			attributes = {
				LastUpgradeCheck = 1240;
				ORGANIZATIONNAME = ZFFramework;
				TargetAttributes = {
					6BE8EEB49F5936C4A5B54D5FB0C7EFA9 = {
						CreatedOnToolsVersion = 9.2;
						ProvisioningStyle = Automatic;
					};
					38DF3F43891781F7AFE35C1C00ED2964 = {
						CreatedOnToolsVersion = 9.2;
						ProvisioningStyle = Automatic;
					};
				};
			};
			buildConfigurationList = 98A0C722A19A07A0D87D3E97AF916376 /* Build configuration list for PBXProject "ZFLua_impl" */;
			compatibilityVersion = "Xcode 8.0";
			developmentRegion = en;
			hasScannedForEncodings = 0;
			knownRegions = (
				en,
				Base,
			);
			mainGroup = 3E4971603DDD74744BD274770C91B023;
			productRefGroup = 8FC62F2EC3B1FA58C5E4E2286726EC70 /* Products */;
			projectDirPath = "";
			projectRoot = "";
			targets = (
				6BE8EEB49F5936C4A5B54D5FB0C7EFA9 /* ZFLua_impl */,
				38DF3F43891781F7AFE35C1C00ED2964 /* ZFLua_impl_aggregate */,
			);
		};
/* End PBXProject section */

/* Begin PBXShellScriptBuildPhase section */
		532A756E44C83D821B4A665DF08721F1 /* ZFUniqueProj */ = {
			isa = PBXShellScriptBuildPhase;
			buildActionMask = 2147483647;
			files = (
			);
			inputPaths = (
			);
			name = ZFUniqueProj;
			outputPaths = (
			);
			runOnlyForDeploymentPostprocessing = 0;
			shellPath = /bin/sh;
			shellScript = "sh ${SRCROOT}/../../../../../../ZFFramework/tools/spec/iOS/unique_proj.sh \"${SRCROOT}/${PROJECT_NAME}.xcodeproj\"";
		};
		5B27A97044187D7F9FEEF1239D291DF3 /* ZFCompileSource */ = {
			isa = PBXShellScriptBuildPhase;
			alwaysOutOfDate = 1;
			buildActionMask = 2147483647;
			files = (
			);
			inputPaths = (
			);
			name = ZFCompileSource;
			outputPaths = (
				"$(SRCROOT)/ProjectFiles/zfgensrc_ZFLua_impl.mm",
			);
			runOnlyForDeploymentPostprocessing = 0;
			shellPath = /bin/sh;
			shellScript = "sh ${SRCROOT}/../../../../../../ZFFramework/tools/common/unity_build.sh \"${SRCROOT}/ProjectFiles/zfgensrc_ZFLua_impl.mm\" \"${SRCROOT}/../../../zfsrc\"";
		};
		9660E4B7FEC90AD97961DFA5AD35760E /* ShellScript */ = {
			isa = PBXShellScriptBuildPhase;
			buildActionMask = 2147483647;
			files = (
			);
			inputPaths = (
			);
			outputPaths = (
			);
			runOnlyForDeploymentPostprocessing = 0;
			shellPath = /bin/sh;
			shellScript = "ZF_ROOT_PATH=${SRCROOT}/../../../../../../ZFFramework\nZF_TOOLS_PATH=$ZF_ROOT_PATH/tools\n\nsh $ZF_TOOLS_PATH/spec/iOS/aggregate.sh ${PROJECT_NAME} ${SRCROOT}/../../..\n";
		};
/* End PBXShellScriptBuildPhase section */

/* Begin PBXSourcesBuildPhase section */
		0682D0309B19710F8588C27C95190B8B /* Sources */ = {
			isa = PBXSourcesBuildPhase;
			buildActionMask = 2147483647;
			files = (
				4D7265AB50E2B075EE8DFDFFAE337343 /* zfgensrc_ZFLua_impl.mm in Sources */,
			);
			runOnlyForDeploymentPostprocessing = 0;
		};
/* End PBXSourcesBuildPhase section */

/* Begin XCBuildConfiguration section */
		08D5B249D030ED235047B93280085401 /* Debug */ = {
			isa = XCBuildConfiguration;
			buildSettings = {
				PRODUCT_NAME = "$(TARGET_NAME)";
			};
			name = Debug;
		};
		1B1419BBD9A454E6CD380E74A2CFCE9F /* Release */ = {
			isa = XCBuildConfiguration;
			buildSettings = {
				PRODUCT_NAME = "$(TARGET_NAME)";
			};
			name = Release;
		};
		58044703057A682727FA16ED30283E52 /* Debug */ = {
			isa = XCBuildConfiguration;
			buildSettings = {
				CLANG_ENABLE_OBJC_ARC = YES;
				CODE_SIGN_STYLE = Automatic;
				DEBUG_INFORMATION_FORMAT = "dwarf-with-dsym";
				ENABLE_BITCODE = NO;
				GCC_INLINES_ARE_PRIVATE_EXTERN = YES;
				GCC_SYMBOLS_PRIVATE_EXTERN = YES;
				MACH_O_TYPE = staticlib;
				OTHER_LDFLAGS = (
					"$(inherited)",
					"-Objc",
					"-all_load",
				);
				PRODUCT_NAME = "$(TARGET_NAME)";
				SKIP_INSTALL = YES;
				USER_HEADER_SEARCH_PATHS = "$(inherited) ${SRCROOT}/../../../zfsrc ${SRCROOT}/../../../../../../ZFFramework/_release/iOS/all/include";
				WARNING_CFLAGS = "-Wpartial-availability";
			};
			name = Debug;
		};
		9F08CC5A7A927CF3A04B6C997916A569 /* Release */ = {
			isa = XCBuildConfiguration;
			buildSettings = {
				ALWAYS_SEARCH_USER_PATHS = NO;
				CLANG_CXX_LANGUAGE_STANDARD = "gnu++0x";
				CLANG_CXX_LIBRARY = "libc++";
				CLANG_ENABLE_MODULES = YES;
				CLANG_ENABLE_OBJC_ARC = YES;
				CLANG_WARN_BLOCK_CAPTURE_AUTORELEASING = YES;
				CLANG_WARN_BOOL_CONVERSION = YES;
				CLANG_WARN_COMMA = YES;
				CLANG_WARN_CONSTANT_CONVERSION = YES;
				CLANG_WARN_DEPRECATED_OBJC_IMPLEMENTATIONS = YES;
				CLANG_WARN_DIRECT_OBJC_ISA_USAGE = YES_ERROR;
				CLANG_WARN_EMPTY_BODY = YES;
				CLANG_WARN_ENUM_CONVERSION = YES;
				CLANG_WARN_INFINITE_RECURSION = YES;
				CLANG_WARN_INT_CONVERSION = YES;
				CLANG_WARN_NON_LITERAL_NULL_CONVERSION = YES;
				CLANG_WARN_OBJC_IMPLICIT_RETAIN_SELF = YES;
				CLANG_WARN_OBJC_LITERAL_CONVERSION = YES;
				CLANG_WARN_OBJC_ROOT_CLASS = YES_ERROR;
				CLANG_WARN_QUOTED_INCLUDE_IN_FRAMEWORK_HEADER = YES;
				CLANG_WARN_RANGE_LOOP_ANALYSIS = YES;
				CLANG_WARN_STRICT_PROTOTYPES = YES;
				CLANG_WARN_SUSPICIOUS_MOVE = YES;
				CLANG_WARN_UNREACHABLE_CODE = YES;
				CLANG_WARN__DUPLICATE_METHOD_MATCH = YES;
				"CODE_SIGN_IDENTITY[sdk=iphoneos*]" = "iPhone Developer";
				COPY_PHASE_STRIP = NO;
				DEBUG_INFORMATION_FORMAT = "dwarf-with-dsym";
				ENABLE_NS_ASSERTIONS = NO;
				ENABLE_STRICT_OBJC_MSGSEND = YES;
				GCC_C_LANGUAGE_STANDARD = gnu99;
				GCC_NO_COMMON_BLOCKS = YES;
				GCC_WARN_64_TO_32_BIT_CONVERSION = YES;
				GCC_WARN_ABOUT_RETURN_TYPE = YES_ERROR;
				GCC_WARN_UNDECLARED_SELECTOR = YES;
				GCC_WARN_UNINITIALIZED_AUTOS = YES_AGGRESSIVE;
				GCC_WARN_UNUSED_FUNCTION = YES;
				GCC_WARN_UNUSED_VARIABLE = YES;
				IPHONEOS_DEPLOYMENT_TARGET = 9.0;
				MTL_ENABLE_DEBUG_INFO = NO;
				SDKROOT = iphoneos;
				VALIDATE_PRODUCT = YES;
			};
			name = Release;
		};
		AF4340DAE07A7E6A7D060902AEF95A96 /* Release */ = {
			isa = XCBuildConfiguration;
			buildSettings = {
				CLANG_ENABLE_OBJC_ARC = YES;
				CODE_SIGN_STYLE = Automatic;
				DEBUG_INFORMATION_FORMAT = "dwarf-with-dsym";
				ENABLE_BITCODE = NO;
				GCC_INLINES_ARE_PRIVATE_EXTERN = YES;
				GCC_SYMBOLS_PRIVATE_EXTERN = YES;
				MACH_O_TYPE = staticlib;
				OTHER_LDFLAGS = (
					"$(inherited)",
					"-Objc",
					"-all_load",
				);
				PRODUCT_NAME = "$(TARGET_NAME)";
				SKIP_INSTALL = YES;
				USER_HEADER_SEARCH_PATHS = "$(inherited) ${SRCROOT}/../../../zfsrc ${SRCROOT}/../../../../../../ZFFramework/_release/iOS/all/include";
				WARNING_CFLAGS = "-Wpartial-availability";
			};
			name = Release;
		};
		EB39C6C9EF0DFF19C089243188E2A766 /* Debug */ = {
			isa = XCBuildConfiguration;
			buildSettings = {
				ALWAYS_SEARCH_USER_PATHS = NO;
				CLANG_CXX_LANGUAGE_STANDARD = "gnu++0x";
				CLANG_CXX_LIBRARY = "libc++";
				CLANG_ENABLE_MODULES = YES;
				CLANG_ENABLE_OBJC_ARC = YES;
				CLANG_WARN_BLOCK_CAPTURE_AUTORELEASING = YES;
				CLANG_WARN_BOOL_CONVERSION = YES;
				CLANG_WARN_COMMA = YES;
				CLANG_WARN_CONSTANT_CONVERSION = YES;
				CLANG_WARN_DEPRECATED_OBJC_IMPLEMENTATIONS = YES;
				CLANG_WARN_DIRECT_OBJC_ISA_USAGE = YES_ERROR;
				CLANG_WARN_EMPTY_BODY = YES;
				CLANG_WARN_ENUM_CONVERSION = YES;
				CLANG_WARN_INFINITE_RECURSION = YES;
				CLANG_WARN_INT_CONVERSION = YES;
				CLANG_WARN_NON_LITERAL_NULL_CONVERSION = YES;
				CLANG_WARN_OBJC_IMPLICIT_RETAIN_SELF = YES;
				CLANG_WARN_OBJC_LITERAL_CONVERSION = YES;
				CLANG_WARN_OBJC_ROOT_CLASS = YES_ERROR;
				CLANG_WARN_QUOTED_INCLUDE_IN_FRAMEWORK_HEADER = YES;
				CLANG_WARN_RANGE_LOOP_ANALYSIS = YES;
				CLANG_WARN_STRICT_PROTOTYPES = YES;
				CLANG_WARN_SUSPICIOUS_MOVE = YES;
				CLANG_WARN_UNREACHABLE_CODE = YES;
				CLANG_WARN__DUPLICATE_METHOD_MATCH = YES;
				"CODE_SIGN_IDENTITY[sdk=iphoneos*]" = "iPhone Developer";
				COPY_PHASE_STRIP = NO;
				DEBUG_INFORMATION_FORMAT = "dwarf-with-dsym";
				ENABLE_STRICT_OBJC_MSGSEND = YES;
				ENABLE_TESTABILITY = YES;
				GCC_C_LANGUAGE_STANDARD = gnu99;
				GCC_DYNAMIC_NO_PIC = NO;
				GCC_NO_COMMON_BLOCKS = YES;
				GCC_OPTIMIZATION_LEVEL = 0;
				GCC_PREPROCESSOR_DEFINITIONS = (
					"DEBUG=1",
					"$(inherited)",
				);
				GCC_WARN_64_TO_32_BIT_CONVERSION = YES;
				GCC_WARN_ABOUT_RETURN_TYPE = YES_ERROR;
				GCC_WARN_UNDECLARED_SELECTOR = YES;
				GCC_WARN_UNINITIALIZED_AUTOS = YES_AGGRESSIVE;
				GCC_WARN_UNUSED_FUNCTION = YES;
				GCC_WARN_UNUSED_VARIABLE = YES;
				IPHONEOS_DEPLOYMENT_TARGET = 9.0;
				MTL_ENABLE_DEBUG_INFO = YES;
				ONLY_ACTIVE_ARCH = YES;
				SDKROOT = iphoneos;
			};
			name = Debug;
		};
/* End XCBuildConfiguration section */

/* Begin XCConfigurationList section */
		11E5B48D6355A2E6E883CE065EC72AC9 /* Build configuration list for PBXNativeTarget "ZFLua_impl" */ = {
			isa = XCConfigurationList;
			buildConfigurations = (
				58044703057A682727FA16ED30283E52 /* Debug */,
				AF4340DAE07A7E6A7D060902AEF95A96 /* Release */,
			);
			defaultConfigurationIsVisible = 0;
			defaultConfigurationName = Release;
		};
		24A243CE1D2AE6B039F4F045508ADCF7 /* Build configuration list for PBXAggregateTarget "ZFLua_impl_aggregate" */ = {
			isa = XCConfigurationList;
			buildConfigurations = (
				08D5B249D030ED235047B93280085401 /* Debug */,
				1B1419BBD9A454E6CD380E74A2CFCE9F /* Release */,
			);
			defaultConfigurationIsVisible = 0;
			defaultConfigurationName = Release;
		};
		98A0C722A19A07A0D87D3E97AF916376 /* Build configuration list for PBXProject "ZFLua_impl" */ = {
			isa = XCConfigurationList;
			buildConfigurations = (
				EB39C6C9EF0DFF19C089243188E2A766 /* Debug */,
				9F08CC5A7A927CF3A04B6C997916A569 /* Release */,
			);
			defaultConfigurationIsVisible = 0;
			defaultConfigurationName = Release;
		};
/* End XCConfigurationList section */
	};
	rootObject = 67CA1C1B68C5AAB5EF397340EE5677C5 /* Project object */;
}
